// !$*UTF8*$!
{
	archiveVersion = 1;
	classes = {
	};
	objectVersion = 46;
	objects = {

/* Begin PBXBuildFile section */
		21B65997F6810985B3D10E68 /* Pods_Euroleague_GraduateTests.framework in Frameworks */ = {isa = PBXBuildFile; fileRef = 2133CAC12D79C13C3D42C93D /* Pods_Euroleague_GraduateTests.framework */; };
		A5FF78BE1F0FA74E00F6E9A2 /* AppDelegate.swift in Sources */ = {isa = PBXBuildFile; fileRef = A5FF78BD1F0FA74E00F6E9A2 /* AppDelegate.swift */; };
		A5FF78C31F0FA74E00F6E9A2 /* Main.storyboard in Resources */ = {isa = PBXBuildFile; fileRef = A5FF78C11F0FA74E00F6E9A2 /* Main.storyboard */; };
		A5FF78C51F0FA74E00F6E9A2 /* Assets.xcassets in Resources */ = {isa = PBXBuildFile; fileRef = A5FF78C41F0FA74E00F6E9A2 /* Assets.xcassets */; };
		A5FF78C81F0FA74E00F6E9A2 /* LaunchScreen.storyboard in Resources */ = {isa = PBXBuildFile; fileRef = A5FF78C61F0FA74E00F6E9A2 /* LaunchScreen.storyboard */; };
		A5FF78D31F0FA74F00F6E9A2 /* Euroleague_GraduateTests.swift in Sources */ = {isa = PBXBuildFile; fileRef = A5FF78D21F0FA74F00F6E9A2 /* Euroleague_GraduateTests.swift */; };
		A5FF78DE1F0FA74F00F6E9A2 /* Euroleague_GraduateUITests.swift in Sources */ = {isa = PBXBuildFile; fileRef = A5FF78DD1F0FA74F00F6E9A2 /* Euroleague_GraduateUITests.swift */; };
		E49A004AC4F45BE0AEFD1C45 /* Pods_Euroleague_Graduate.framework in Frameworks */ = {isa = PBXBuildFile; fileRef = B35C4F623F55A7C474F985E8 /* Pods_Euroleague_Graduate.framework */; };
		FE52649B1F34ACA500E62A58 /* PlayersDataService.swift in Sources */ = {isa = PBXBuildFile; fileRef = FE52649A1F34ACA500E62A58 /* PlayersDataService.swift */; };
		FE528DCD1F289AC700597D0A /* DataRetrivalTest.swift in Sources */ = {isa = PBXBuildFile; fileRef = FE528DCC1F289AC700597D0A /* DataRetrivalTest.swift */; };
		FE540CD01F20BB9F000A75A0 /* ApiResponseTest.swift in Sources */ = {isa = PBXBuildFile; fileRef = FE540CCF1F20BB9F000A75A0 /* ApiResponseTest.swift */; };
		FE5C21671F2F27EE00522D65 /* TeamsDataService.swift in Sources */ = {isa = PBXBuildFile; fileRef = FE5C21661F2F27EE00522D65 /* TeamsDataService.swift */; };
		FE5C21691F2F2F6900522D65 /* Team.swift in Sources */ = {isa = PBXBuildFile; fileRef = FE5C21681F2F2F6900522D65 /* Team.swift */; };
		FE615F411F31CA7500B6C3E0 /* Player.swift in Sources */ = {isa = PBXBuildFile; fileRef = FE615F401F31CA7500B6C3E0 /* Player.swift */; };
		FE6FB0511F433592006C7D44 /* TeamStatisticTableRowsModel.swift in Sources */ = {isa = PBXBuildFile; fileRef = FE6FB0501F433592006C7D44 /* TeamStatisticTableRowsModel.swift */; };
		FEC0EBC31F46CB4E0048B849 /* GameDetailBoxScoreDataService.swift in Sources */ = {isa = PBXBuildFile; fileRef = FEC0EBC21F46CB4E0048B849 /* GameDetailBoxScoreDataService.swift */; };
		FEC0EBC51F46CD6B0048B849 /* GamePlayerStats.swift in Sources */ = {isa = PBXBuildFile; fileRef = FEC0EBC41F46CD6B0048B849 /* GamePlayerStats.swift */; };
		FEC0EBC71F46DB4E0048B849 /* GameTeamDetail.swift in Sources */ = {isa = PBXBuildFile; fileRef = FEC0EBC61F46DB4E0048B849 /* GameTeamDetail.swift */; };
		FEC2D2881F2B5400006BB8AC /* ApiClient.swift in Sources */ = {isa = PBXBuildFile; fileRef = FEC2D2861F2B5400006BB8AC /* ApiClient.swift */; };
		FEC2D2891F2B5400006BB8AC /* GamesDataService.swift in Sources */ = {isa = PBXBuildFile; fileRef = FEC2D2871F2B5400006BB8AC /* GamesDataService.swift */; };
		FEC2D28C1F2B540E006BB8AC /* Game.swift in Sources */ = {isa = PBXBuildFile; fileRef = FEC2D28B1F2B540E006BB8AC /* Game.swift */; };
		FEC2D29F1F2B69A8006BB8AC /* CoText_Bold.ttf in Resources */ = {isa = PBXBuildFile; fileRef = FEC2D29C1F2B69A8006BB8AC /* CoText_Bold.ttf */; };
		FEC2D2A01F2B69A8006BB8AC /* CoText_Light.ttf in Resources */ = {isa = PBXBuildFile; fileRef = FEC2D29D1F2B69A8006BB8AC /* CoText_Light.ttf */; };
		FEC2D2A11F2B69A8006BB8AC /* CoText_Regular.ttf in Resources */ = {isa = PBXBuildFile; fileRef = FEC2D29E1F2B69A8006BB8AC /* CoText_Regular.ttf */; };
		FEC67FEE1F54266B009471E0 /* Euroleague-Vid.mp4 in Resources */ = {isa = PBXBuildFile; fileRef = FEC67FED1F54266B009471E0 /* Euroleague-Vid.mp4 */; };
		FEE585421F5D4ED0005A0A98 /* GamesPagerViewController.swift in Sources */ = {isa = PBXBuildFile; fileRef = FEE5853B1F5D4ED0005A0A98 /* GamesPagerViewController.swift */; };
		FEE585431F5D4ED0005A0A98 /* MasterTableViewController.swift in Sources */ = {isa = PBXBuildFile; fileRef = FEE5853C1F5D4ED0005A0A98 /* MasterTableViewController.swift */; };
		FEE585441F5D4ED0005A0A98 /* GamesTableViewCell.swift in Sources */ = {isa = PBXBuildFile; fileRef = FEE5853E1F5D4ED0005A0A98 /* GamesTableViewCell.swift */; };
		FEE585451F5D4ED0005A0A98 /* GamesViewModel.swift in Sources */ = {isa = PBXBuildFile; fileRef = FEE585401F5D4ED0005A0A98 /* GamesViewModel.swift */; };
		FEE5855E1F5D518E005A0A98 /* TeamsTableViewController.swift in Sources */ = {isa = PBXBuildFile; fileRef = FEE585471F5D518E005A0A98 /* TeamsTableViewController.swift */; };
		FEE5855F1F5D518E005A0A98 /* TeamsTableViewCell.swift in Sources */ = {isa = PBXBuildFile; fileRef = FEE585491F5D518E005A0A98 /* TeamsTableViewCell.swift */; };
		FEE585601F5D518E005A0A98 /* TeamsViewModel.swift in Sources */ = {isa = PBXBuildFile; fileRef = FEE5854B1F5D518E005A0A98 /* TeamsViewModel.swift */; };
		FEE585611F5D518E005A0A98 /* GameBoxScoreViewController.swift in Sources */ = {isa = PBXBuildFile; fileRef = FEE5854D1F5D518E005A0A98 /* GameBoxScoreViewController.swift */; };
		FEE585621F5D518E005A0A98 /* GameDetailMasterWebViewController.swift in Sources */ = {isa = PBXBuildFile; fileRef = FEE5854E1F5D518E005A0A98 /* GameDetailMasterWebViewController.swift */; };
		FEE585631F5D518E005A0A98 /* GameDetailViewController.swift in Sources */ = {isa = PBXBuildFile; fileRef = FEE5854F1F5D518E005A0A98 /* GameDetailViewController.swift */; };
		FEE585641F5D518E005A0A98 /* BoxScoreMVPTableViewCell.swift in Sources */ = {isa = PBXBuildFile; fileRef = FEE585511F5D518E005A0A98 /* BoxScoreMVPTableViewCell.swift */; };
		FEE585651F5D518E005A0A98 /* BoxScoreQuarterCollectionViewCell.swift in Sources */ = {isa = PBXBuildFile; fileRef = FEE585521F5D518E005A0A98 /* BoxScoreQuarterCollectionViewCell.swift */; };
		FEE585661F5D518E005A0A98 /* BoxScoreViewModel.swift in Sources */ = {isa = PBXBuildFile; fileRef = FEE585541F5D518E005A0A98 /* BoxScoreViewModel.swift */; };
		FEE585671F5D518E005A0A98 /* EuroNavigationController.swift in Sources */ = {isa = PBXBuildFile; fileRef = FEE585561F5D518E005A0A98 /* EuroNavigationController.swift */; };
		FEE585681F5D518E005A0A98 /* MenuViewController.swift in Sources */ = {isa = PBXBuildFile; fileRef = FEE585571F5D518E005A0A98 /* MenuViewController.swift */; };
		FEE585691F5D518E005A0A98 /* RootViewController.swift in Sources */ = {isa = PBXBuildFile; fileRef = FEE585581F5D518E005A0A98 /* RootViewController.swift */; };
		FEE5856A1F5D518E005A0A98 /* LeagueChooserCollectionViewCell.swift in Sources */ = {isa = PBXBuildFile; fileRef = FEE5855A1F5D518E005A0A98 /* LeagueChooserCollectionViewCell.swift */; };
		FEE5856B1F5D518E005A0A98 /* MenuTableViewCell.swift in Sources */ = {isa = PBXBuildFile; fileRef = FEE5855B1F5D518E005A0A98 /* MenuTableViewCell.swift */; };
		FEE5856C1F5D518E005A0A98 /* SplashViewController.swift in Sources */ = {isa = PBXBuildFile; fileRef = FEE5855D1F5D518E005A0A98 /* SplashViewController.swift */; };
		FEE585781F5D51F2005A0A98 /* RostersTableViewController.swift in Sources */ = {isa = PBXBuildFile; fileRef = FEE5856E1F5D51F2005A0A98 /* RostersTableViewController.swift */; };
		FEE585791F5D51F2005A0A98 /* TeamDataViewController.swift in Sources */ = {isa = PBXBuildFile; fileRef = FEE5856F1F5D51F2005A0A98 /* TeamDataViewController.swift */; };
		FEE5857A1F5D51F2005A0A98 /* TeamStatisticsMenuTableViewController.swift in Sources */ = {isa = PBXBuildFile; fileRef = FEE585701F5D51F2005A0A98 /* TeamStatisticsMenuTableViewController.swift */; };
		FEE5857B1F5D51F2005A0A98 /* TeamStatisticsViewController.swift in Sources */ = {isa = PBXBuildFile; fileRef = FEE585711F5D51F2005A0A98 /* TeamStatisticsViewController.swift */; };
		FEE5857C1F5D51F2005A0A98 /* PlayersTableViewCell.swift in Sources */ = {isa = PBXBuildFile; fileRef = FEE585731F5D51F2005A0A98 /* PlayersTableViewCell.swift */; };
		FEE5857D1F5D51F2005A0A98 /* TeamStatisticsMenuTableViewCell.swift in Sources */ = {isa = PBXBuildFile; fileRef = FEE585741F5D51F2005A0A98 /* TeamStatisticsMenuTableViewCell.swift */; };
		FEE5857E1F5D51F2005A0A98 /* TeamStatisticsTableViewCell.swift in Sources */ = {isa = PBXBuildFile; fileRef = FEE585751F5D51F2005A0A98 /* TeamStatisticsTableViewCell.swift */; };
		FEE5857F1F5D51F2005A0A98 /* PlayerViewModel.swift in Sources */ = {isa = PBXBuildFile; fileRef = FEE585771F5D51F2005A0A98 /* PlayerViewModel.swift */; };
		FEE585861F5D528A005A0A98 /* Constants.swift in Sources */ = {isa = PBXBuildFile; fileRef = FEE585811F5D528A005A0A98 /* Constants.swift */; };
		FEE585871F5D528A005A0A98 /* RealmDBManager.swift in Sources */ = {isa = PBXBuildFile; fileRef = FEE585821F5D528A005A0A98 /* RealmDBManager.swift */; };
		FEE585881F5D528A005A0A98 /* Router.swift in Sources */ = {isa = PBXBuildFile; fileRef = FEE585831F5D528A005A0A98 /* Router.swift */; };
		FEE5858B1F5D52B8005A0A98 /* UIColorExtension.swift in Sources */ = {isa = PBXBuildFile; fileRef = FEE5858A1F5D52B8005A0A98 /* UIColorExtension.swift */; };
		FEE5858D1F5D5317005A0A98 /* UIViewExtention.swift in Sources */ = {isa = PBXBuildFile; fileRef = FEE5858C1F5D5317005A0A98 /* UIViewExtention.swift */; };
		FEE5858F1F5D535E005A0A98 /* StringExtention.swift in Sources */ = {isa = PBXBuildFile; fileRef = FEE5858E1F5D535E005A0A98 /* StringExtention.swift */; };
		FEE585911F5D5376005A0A98 /* DateExtention.swift in Sources */ = {isa = PBXBuildFile; fileRef = FEE585901F5D5376005A0A98 /* DateExtention.swift */; };
		FEE585931F5D53AD005A0A98 /* FloatExtention.swift in Sources */ = {isa = PBXBuildFile; fileRef = FEE585921F5D53AD005A0A98 /* FloatExtention.swift */; };
/* End PBXBuildFile section */

/* Begin PBXContainerItemProxy section */
		A5FF78CF1F0FA74F00F6E9A2 /* PBXContainerItemProxy */ = {
			isa = PBXContainerItemProxy;
			containerPortal = A5FF78B21F0FA74E00F6E9A2 /* Project object */;
			proxyType = 1;
			remoteGlobalIDString = A5FF78B91F0FA74E00F6E9A2;
			remoteInfo = "Euroleague-Graduate";
		};
		A5FF78DA1F0FA74F00F6E9A2 /* PBXContainerItemProxy */ = {
			isa = PBXContainerItemProxy;
			containerPortal = A5FF78B21F0FA74E00F6E9A2 /* Project object */;
			proxyType = 1;
			remoteGlobalIDString = A5FF78B91F0FA74E00F6E9A2;
			remoteInfo = "Euroleague-Graduate";
		};
/* End PBXContainerItemProxy section */

/* Begin PBXFileReference section */
		01ADB76913D80F4F437C791F /* Pods-Euroleague-GraduateTests.release.xcconfig */ = {isa = PBXFileReference; includeInIndex = 1; lastKnownFileType = text.xcconfig; name = "Pods-Euroleague-GraduateTests.release.xcconfig"; path = "Pods/Target Support Files/Pods-Euroleague-GraduateTests/Pods-Euroleague-GraduateTests.release.xcconfig"; sourceTree = "<group>"; };
		2133CAC12D79C13C3D42C93D /* Pods_Euroleague_GraduateTests.framework */ = {isa = PBXFileReference; explicitFileType = wrapper.framework; includeInIndex = 0; path = Pods_Euroleague_GraduateTests.framework; sourceTree = BUILT_PRODUCTS_DIR; };
		84DD3988E1A3253923452F18 /* Pods-Euroleague-Graduate.debug.xcconfig */ = {isa = PBXFileReference; includeInIndex = 1; lastKnownFileType = text.xcconfig; name = "Pods-Euroleague-Graduate.debug.xcconfig"; path = "Pods/Target Support Files/Pods-Euroleague-Graduate/Pods-Euroleague-Graduate.debug.xcconfig"; sourceTree = "<group>"; };
		A5FF78BA1F0FA74E00F6E9A2 /* Euroleague-Graduate.app */ = {isa = PBXFileReference; explicitFileType = wrapper.application; includeInIndex = 0; path = "Euroleague-Graduate.app"; sourceTree = BUILT_PRODUCTS_DIR; };
		A5FF78BD1F0FA74E00F6E9A2 /* AppDelegate.swift */ = {isa = PBXFileReference; lastKnownFileType = sourcecode.swift; path = AppDelegate.swift; sourceTree = "<group>"; };
		A5FF78C21F0FA74E00F6E9A2 /* Base */ = {isa = PBXFileReference; lastKnownFileType = file.storyboard; name = Base; path = Base.lproj/Main.storyboard; sourceTree = "<group>"; };
		A5FF78C41F0FA74E00F6E9A2 /* Assets.xcassets */ = {isa = PBXFileReference; lastKnownFileType = folder.assetcatalog; path = Assets.xcassets; sourceTree = "<group>"; };
		A5FF78C71F0FA74E00F6E9A2 /* Base */ = {isa = PBXFileReference; lastKnownFileType = file.storyboard; name = Base; path = Base.lproj/LaunchScreen.storyboard; sourceTree = "<group>"; };
		A5FF78C91F0FA74E00F6E9A2 /* Info.plist */ = {isa = PBXFileReference; lastKnownFileType = text.plist.xml; path = Info.plist; sourceTree = "<group>"; };
		A5FF78CE1F0FA74F00F6E9A2 /* Euroleague-GraduateTests.xctest */ = {isa = PBXFileReference; explicitFileType = wrapper.cfbundle; includeInIndex = 0; path = "Euroleague-GraduateTests.xctest"; sourceTree = BUILT_PRODUCTS_DIR; };
		A5FF78D21F0FA74F00F6E9A2 /* Euroleague_GraduateTests.swift */ = {isa = PBXFileReference; lastKnownFileType = sourcecode.swift; path = Euroleague_GraduateTests.swift; sourceTree = "<group>"; };
		A5FF78D41F0FA74F00F6E9A2 /* Info.plist */ = {isa = PBXFileReference; lastKnownFileType = text.plist.xml; path = Info.plist; sourceTree = "<group>"; };
		A5FF78D91F0FA74F00F6E9A2 /* Euroleague-GraduateUITests.xctest */ = {isa = PBXFileReference; explicitFileType = wrapper.cfbundle; includeInIndex = 0; path = "Euroleague-GraduateUITests.xctest"; sourceTree = BUILT_PRODUCTS_DIR; };
		A5FF78DD1F0FA74F00F6E9A2 /* Euroleague_GraduateUITests.swift */ = {isa = PBXFileReference; lastKnownFileType = sourcecode.swift; path = Euroleague_GraduateUITests.swift; sourceTree = "<group>"; };
		A5FF78DF1F0FA74F00F6E9A2 /* Info.plist */ = {isa = PBXFileReference; lastKnownFileType = text.plist.xml; path = Info.plist; sourceTree = "<group>"; };
		B35C4F623F55A7C474F985E8 /* Pods_Euroleague_Graduate.framework */ = {isa = PBXFileReference; explicitFileType = wrapper.framework; includeInIndex = 0; path = Pods_Euroleague_Graduate.framework; sourceTree = BUILT_PRODUCTS_DIR; };
		B37D69230445B1A7B7CFD2B6 /* Pods-Euroleague-GraduateTests.debug.xcconfig */ = {isa = PBXFileReference; includeInIndex = 1; lastKnownFileType = text.xcconfig; name = "Pods-Euroleague-GraduateTests.debug.xcconfig"; path = "Pods/Target Support Files/Pods-Euroleague-GraduateTests/Pods-Euroleague-GraduateTests.debug.xcconfig"; sourceTree = "<group>"; };
		F5B4642116FFE1367BFA93F5 /* Pods-Euroleague-Graduate.release.xcconfig */ = {isa = PBXFileReference; includeInIndex = 1; lastKnownFileType = text.xcconfig; name = "Pods-Euroleague-Graduate.release.xcconfig"; path = "Pods/Target Support Files/Pods-Euroleague-Graduate/Pods-Euroleague-Graduate.release.xcconfig"; sourceTree = "<group>"; };
		FE52649A1F34ACA500E62A58 /* PlayersDataService.swift */ = {isa = PBXFileReference; fileEncoding = 4; lastKnownFileType = sourcecode.swift; path = PlayersDataService.swift; sourceTree = "<group>"; };
		FE528DCC1F289AC700597D0A /* DataRetrivalTest.swift */ = {isa = PBXFileReference; fileEncoding = 4; lastKnownFileType = sourcecode.swift; path = DataRetrivalTest.swift; sourceTree = "<group>"; };
		FE540CCF1F20BB9F000A75A0 /* ApiResponseTest.swift */ = {isa = PBXFileReference; fileEncoding = 4; lastKnownFileType = sourcecode.swift; path = ApiResponseTest.swift; sourceTree = "<group>"; };
		FE5C21661F2F27EE00522D65 /* TeamsDataService.swift */ = {isa = PBXFileReference; fileEncoding = 4; lastKnownFileType = sourcecode.swift; path = TeamsDataService.swift; sourceTree = "<group>"; };
		FE5C21681F2F2F6900522D65 /* Team.swift */ = {isa = PBXFileReference; fileEncoding = 4; lastKnownFileType = sourcecode.swift; path = Team.swift; sourceTree = "<group>"; };
		FE615F401F31CA7500B6C3E0 /* Player.swift */ = {isa = PBXFileReference; fileEncoding = 4; lastKnownFileType = sourcecode.swift; path = Player.swift; sourceTree = "<group>"; };
		FE6FB0501F433592006C7D44 /* TeamStatisticTableRowsModel.swift */ = {isa = PBXFileReference; fileEncoding = 4; lastKnownFileType = sourcecode.swift; path = TeamStatisticTableRowsModel.swift; sourceTree = "<group>"; };
		FEC0EBC21F46CB4E0048B849 /* GameDetailBoxScoreDataService.swift */ = {isa = PBXFileReference; fileEncoding = 4; lastKnownFileType = sourcecode.swift; path = GameDetailBoxScoreDataService.swift; sourceTree = "<group>"; };
		FEC0EBC41F46CD6B0048B849 /* GamePlayerStats.swift */ = {isa = PBXFileReference; fileEncoding = 4; lastKnownFileType = sourcecode.swift; path = GamePlayerStats.swift; sourceTree = "<group>"; };
		FEC0EBC61F46DB4E0048B849 /* GameTeamDetail.swift */ = {isa = PBXFileReference; fileEncoding = 4; lastKnownFileType = sourcecode.swift; path = GameTeamDetail.swift; sourceTree = "<group>"; };
		FEC2D2861F2B5400006BB8AC /* ApiClient.swift */ = {isa = PBXFileReference; fileEncoding = 4; lastKnownFileType = sourcecode.swift; path = ApiClient.swift; sourceTree = "<group>"; };
		FEC2D2871F2B5400006BB8AC /* GamesDataService.swift */ = {isa = PBXFileReference; fileEncoding = 4; lastKnownFileType = sourcecode.swift; path = GamesDataService.swift; sourceTree = "<group>"; };
		FEC2D28B1F2B540E006BB8AC /* Game.swift */ = {isa = PBXFileReference; fileEncoding = 4; lastKnownFileType = sourcecode.swift; path = Game.swift; sourceTree = "<group>"; };
		FEC2D29C1F2B69A8006BB8AC /* CoText_Bold.ttf */ = {isa = PBXFileReference; lastKnownFileType = file; path = CoText_Bold.ttf; sourceTree = "<group>"; };
		FEC2D29D1F2B69A8006BB8AC /* CoText_Light.ttf */ = {isa = PBXFileReference; lastKnownFileType = file; path = CoText_Light.ttf; sourceTree = "<group>"; };
		FEC2D29E1F2B69A8006BB8AC /* CoText_Regular.ttf */ = {isa = PBXFileReference; lastKnownFileType = file; path = CoText_Regular.ttf; sourceTree = "<group>"; };
		FEC67FED1F54266B009471E0 /* Euroleague-Vid.mp4 */ = {isa = PBXFileReference; lastKnownFileType = file; name = "Euroleague-Vid.mp4"; path = "../Euroleague-Vid.mp4"; sourceTree = "<group>"; };
		FEE5853B1F5D4ED0005A0A98 /* GamesPagerViewController.swift */ = {isa = PBXFileReference; fileEncoding = 4; lastKnownFileType = sourcecode.swift; path = GamesPagerViewController.swift; sourceTree = "<group>"; };
		FEE5853C1F5D4ED0005A0A98 /* MasterTableViewController.swift */ = {isa = PBXFileReference; fileEncoding = 4; lastKnownFileType = sourcecode.swift; path = MasterTableViewController.swift; sourceTree = "<group>"; };
		FEE5853E1F5D4ED0005A0A98 /* GamesTableViewCell.swift */ = {isa = PBXFileReference; fileEncoding = 4; lastKnownFileType = sourcecode.swift; path = GamesTableViewCell.swift; sourceTree = "<group>"; };
		FEE585401F5D4ED0005A0A98 /* GamesViewModel.swift */ = {isa = PBXFileReference; fileEncoding = 4; lastKnownFileType = sourcecode.swift; path = GamesViewModel.swift; sourceTree = "<group>"; };
		FEE585471F5D518E005A0A98 /* TeamsTableViewController.swift */ = {isa = PBXFileReference; fileEncoding = 4; lastKnownFileType = sourcecode.swift; path = TeamsTableViewController.swift; sourceTree = "<group>"; };
		FEE585491F5D518E005A0A98 /* TeamsTableViewCell.swift */ = {isa = PBXFileReference; fileEncoding = 4; lastKnownFileType = sourcecode.swift; path = TeamsTableViewCell.swift; sourceTree = "<group>"; };
		FEE5854B1F5D518E005A0A98 /* TeamsViewModel.swift */ = {isa = PBXFileReference; fileEncoding = 4; lastKnownFileType = sourcecode.swift; path = TeamsViewModel.swift; sourceTree = "<group>"; };
		FEE5854D1F5D518E005A0A98 /* GameBoxScoreViewController.swift */ = {isa = PBXFileReference; fileEncoding = 4; lastKnownFileType = sourcecode.swift; path = GameBoxScoreViewController.swift; sourceTree = "<group>"; };
		FEE5854E1F5D518E005A0A98 /* GameDetailMasterWebViewController.swift */ = {isa = PBXFileReference; fileEncoding = 4; lastKnownFileType = sourcecode.swift; path = GameDetailMasterWebViewController.swift; sourceTree = "<group>"; };
		FEE5854F1F5D518E005A0A98 /* GameDetailViewController.swift */ = {isa = PBXFileReference; fileEncoding = 4; lastKnownFileType = sourcecode.swift; path = GameDetailViewController.swift; sourceTree = "<group>"; };
		FEE585511F5D518E005A0A98 /* BoxScoreMVPTableViewCell.swift */ = {isa = PBXFileReference; fileEncoding = 4; lastKnownFileType = sourcecode.swift; path = BoxScoreMVPTableViewCell.swift; sourceTree = "<group>"; };
		FEE585521F5D518E005A0A98 /* BoxScoreQuarterCollectionViewCell.swift */ = {isa = PBXFileReference; fileEncoding = 4; lastKnownFileType = sourcecode.swift; path = BoxScoreQuarterCollectionViewCell.swift; sourceTree = "<group>"; };
		FEE585541F5D518E005A0A98 /* BoxScoreViewModel.swift */ = {isa = PBXFileReference; fileEncoding = 4; lastKnownFileType = sourcecode.swift; path = BoxScoreViewModel.swift; sourceTree = "<group>"; };
		FEE585561F5D518E005A0A98 /* EuroNavigationController.swift */ = {isa = PBXFileReference; fileEncoding = 4; lastKnownFileType = sourcecode.swift; path = EuroNavigationController.swift; sourceTree = "<group>"; };
		FEE585571F5D518E005A0A98 /* MenuViewController.swift */ = {isa = PBXFileReference; fileEncoding = 4; lastKnownFileType = sourcecode.swift; path = MenuViewController.swift; sourceTree = "<group>"; };
		FEE585581F5D518E005A0A98 /* RootViewController.swift */ = {isa = PBXFileReference; fileEncoding = 4; lastKnownFileType = sourcecode.swift; path = RootViewController.swift; sourceTree = "<group>"; };
		FEE5855A1F5D518E005A0A98 /* LeagueChooserCollectionViewCell.swift */ = {isa = PBXFileReference; fileEncoding = 4; lastKnownFileType = sourcecode.swift; path = LeagueChooserCollectionViewCell.swift; sourceTree = "<group>"; };
		FEE5855B1F5D518E005A0A98 /* MenuTableViewCell.swift */ = {isa = PBXFileReference; fileEncoding = 4; lastKnownFileType = sourcecode.swift; path = MenuTableViewCell.swift; sourceTree = "<group>"; };
		FEE5855D1F5D518E005A0A98 /* SplashViewController.swift */ = {isa = PBXFileReference; fileEncoding = 4; lastKnownFileType = sourcecode.swift; path = SplashViewController.swift; sourceTree = "<group>"; };
		FEE5856E1F5D51F2005A0A98 /* RostersTableViewController.swift */ = {isa = PBXFileReference; fileEncoding = 4; lastKnownFileType = sourcecode.swift; path = RostersTableViewController.swift; sourceTree = "<group>"; };
		FEE5856F1F5D51F2005A0A98 /* TeamDataViewController.swift */ = {isa = PBXFileReference; fileEncoding = 4; lastKnownFileType = sourcecode.swift; path = TeamDataViewController.swift; sourceTree = "<group>"; };
		FEE585701F5D51F2005A0A98 /* TeamStatisticsMenuTableViewController.swift */ = {isa = PBXFileReference; fileEncoding = 4; lastKnownFileType = sourcecode.swift; path = TeamStatisticsMenuTableViewController.swift; sourceTree = "<group>"; };
		FEE585711F5D51F2005A0A98 /* TeamStatisticsViewController.swift */ = {isa = PBXFileReference; fileEncoding = 4; lastKnownFileType = sourcecode.swift; path = TeamStatisticsViewController.swift; sourceTree = "<group>"; };
		FEE585731F5D51F2005A0A98 /* PlayersTableViewCell.swift */ = {isa = PBXFileReference; fileEncoding = 4; lastKnownFileType = sourcecode.swift; path = PlayersTableViewCell.swift; sourceTree = "<group>"; };
		FEE585741F5D51F2005A0A98 /* TeamStatisticsMenuTableViewCell.swift */ = {isa = PBXFileReference; fileEncoding = 4; lastKnownFileType = sourcecode.swift; path = TeamStatisticsMenuTableViewCell.swift; sourceTree = "<group>"; };
		FEE585751F5D51F2005A0A98 /* TeamStatisticsTableViewCell.swift */ = {isa = PBXFileReference; fileEncoding = 4; lastKnownFileType = sourcecode.swift; path = TeamStatisticsTableViewCell.swift; sourceTree = "<group>"; };
		FEE585771F5D51F2005A0A98 /* PlayerViewModel.swift */ = {isa = PBXFileReference; fileEncoding = 4; lastKnownFileType = sourcecode.swift; path = PlayerViewModel.swift; sourceTree = "<group>"; };
		FEE585811F5D528A005A0A98 /* Constants.swift */ = {isa = PBXFileReference; fileEncoding = 4; lastKnownFileType = sourcecode.swift; path = Constants.swift; sourceTree = "<group>"; };
		FEE585821F5D528A005A0A98 /* RealmDBManager.swift */ = {isa = PBXFileReference; fileEncoding = 4; lastKnownFileType = sourcecode.swift; path = RealmDBManager.swift; sourceTree = "<group>"; };
		FEE585831F5D528A005A0A98 /* Router.swift */ = {isa = PBXFileReference; fileEncoding = 4; lastKnownFileType = sourcecode.swift; path = Router.swift; sourceTree = "<group>"; };
		FEE5858A1F5D52B8005A0A98 /* UIColorExtension.swift */ = {isa = PBXFileReference; fileEncoding = 4; lastKnownFileType = sourcecode.swift; path = UIColorExtension.swift; sourceTree = "<group>"; };
		FEE5858C1F5D5317005A0A98 /* UIViewExtention.swift */ = {isa = PBXFileReference; fileEncoding = 4; lastKnownFileType = sourcecode.swift; path = UIViewExtention.swift; sourceTree = "<group>"; };
		FEE5858E1F5D535E005A0A98 /* StringExtention.swift */ = {isa = PBXFileReference; fileEncoding = 4; lastKnownFileType = sourcecode.swift; path = StringExtention.swift; sourceTree = "<group>"; };
		FEE585901F5D5376005A0A98 /* DateExtention.swift */ = {isa = PBXFileReference; fileEncoding = 4; lastKnownFileType = sourcecode.swift; path = DateExtention.swift; sourceTree = "<group>"; };
		FEE585921F5D53AD005A0A98 /* FloatExtention.swift */ = {isa = PBXFileReference; fileEncoding = 4; lastKnownFileType = sourcecode.swift; path = FloatExtention.swift; sourceTree = "<group>"; };
/* End PBXFileReference section */

/* Begin PBXFrameworksBuildPhase section */
		A5FF78B71F0FA74E00F6E9A2 /* Frameworks */ = {
			isa = PBXFrameworksBuildPhase;
			buildActionMask = 2147483647;
			files = (
				E49A004AC4F45BE0AEFD1C45 /* Pods_Euroleague_Graduate.framework in Frameworks */,
			);
			runOnlyForDeploymentPostprocessing = 0;
		};
		A5FF78CB1F0FA74F00F6E9A2 /* Frameworks */ = {
			isa = PBXFrameworksBuildPhase;
			buildActionMask = 2147483647;
			files = (
				21B65997F6810985B3D10E68 /* Pods_Euroleague_GraduateTests.framework in Frameworks */,
			);
			runOnlyForDeploymentPostprocessing = 0;
		};
		A5FF78D61F0FA74F00F6E9A2 /* Frameworks */ = {
			isa = PBXFrameworksBuildPhase;
			buildActionMask = 2147483647;
			files = (
			);
			runOnlyForDeploymentPostprocessing = 0;
		};
/* End PBXFrameworksBuildPhase section */

/* Begin PBXGroup section */
		1F7585AAF8E93D9DFE965A50 /* Frameworks */ = {
			isa = PBXGroup;
			children = (
				B35C4F623F55A7C474F985E8 /* Pods_Euroleague_Graduate.framework */,
				2133CAC12D79C13C3D42C93D /* Pods_Euroleague_GraduateTests.framework */,
			);
			name = Frameworks;
			sourceTree = "<group>";
		};
		A5FF78B11F0FA74E00F6E9A2 = {
			isa = PBXGroup;
			children = (
				A5FF78BC1F0FA74E00F6E9A2 /* Euroleague-Graduate */,
				A5FF78D11F0FA74F00F6E9A2 /* Euroleague-GraduateTests */,
				A5FF78DC1F0FA74F00F6E9A2 /* Euroleague-GraduateUITests */,
				A5FF78BB1F0FA74E00F6E9A2 /* Products */,
				B0044547603B0E65E16F43EC /* Pods */,
				1F7585AAF8E93D9DFE965A50 /* Frameworks */,
			);
			sourceTree = "<group>";
		};
		A5FF78BB1F0FA74E00F6E9A2 /* Products */ = {
			isa = PBXGroup;
			children = (
				A5FF78BA1F0FA74E00F6E9A2 /* Euroleague-Graduate.app */,
				A5FF78CE1F0FA74F00F6E9A2 /* Euroleague-GraduateTests.xctest */,
				A5FF78D91F0FA74F00F6E9A2 /* Euroleague-GraduateUITests.xctest */,
			);
			name = Products;
			sourceTree = "<group>";
		};
		A5FF78BC1F0FA74E00F6E9A2 /* Euroleague-Graduate */ = {
			isa = PBXGroup;
			children = (
				FEC2D2781F2B53F7006BB8AC /* ViewControllers */,
				FEC2D2851F2B5400006BB8AC /* Services */,
				FEC2D28A1F2B540E006BB8AC /* Model */,
				FEE585801F5D528A005A0A98 /* Helpers */,
				FEC2D29A1F2B69A8006BB8AC /* Resourses */,
				A5FF78BD1F0FA74E00F6E9A2 /* AppDelegate.swift */,
				A5FF78C11F0FA74E00F6E9A2 /* Main.storyboard */,
				A5FF78C41F0FA74E00F6E9A2 /* Assets.xcassets */,
				A5FF78C61F0FA74E00F6E9A2 /* LaunchScreen.storyboard */,
				A5FF78C91F0FA74E00F6E9A2 /* Info.plist */,
			);
			path = "Euroleague-Graduate";
			sourceTree = "<group>";
		};
		A5FF78D11F0FA74F00F6E9A2 /* Euroleague-GraduateTests */ = {
			isa = PBXGroup;
			children = (
				FE540CCF1F20BB9F000A75A0 /* ApiResponseTest.swift */,
				FE528DCC1F289AC700597D0A /* DataRetrivalTest.swift */,
				A5FF78D21F0FA74F00F6E9A2 /* Euroleague_GraduateTests.swift */,
				A5FF78D41F0FA74F00F6E9A2 /* Info.plist */,
			);
			path = "Euroleague-GraduateTests";
			sourceTree = "<group>";
		};
		A5FF78DC1F0FA74F00F6E9A2 /* Euroleague-GraduateUITests */ = {
			isa = PBXGroup;
			children = (
				A5FF78DD1F0FA74F00F6E9A2 /* Euroleague_GraduateUITests.swift */,
				A5FF78DF1F0FA74F00F6E9A2 /* Info.plist */,
			);
			path = "Euroleague-GraduateUITests";
			sourceTree = "<group>";
		};
		B0044547603B0E65E16F43EC /* Pods */ = {
			isa = PBXGroup;
			children = (
				84DD3988E1A3253923452F18 /* Pods-Euroleague-Graduate.debug.xcconfig */,
				F5B4642116FFE1367BFA93F5 /* Pods-Euroleague-Graduate.release.xcconfig */,
				B37D69230445B1A7B7CFD2B6 /* Pods-Euroleague-GraduateTests.debug.xcconfig */,
				01ADB76913D80F4F437C791F /* Pods-Euroleague-GraduateTests.release.xcconfig */,
			);
			name = Pods;
			sourceTree = "<group>";
		};
		FEC2D2781F2B53F7006BB8AC /* ViewControllers */ = {
			isa = PBXGroup;
			children = (
				FEE5853A1F5D4ED0005A0A98 /* 1.GamesSchedule */,
				FEE585461F5D518E005A0A98 /* 2.Teams */,
				FEE5856D1F5D51F2005A0A98 /* 3.TeamDetail */,
				FEE5854C1F5D518E005A0A98 /* 4.GameDetails */,
				FEE585551F5D518E005A0A98 /* 5.SideMenu */,
				FEE5855C1F5D518E005A0A98 /* 6.Splash */,
			);
			path = ViewControllers;
			sourceTree = "<group>";
		};
		FEC2D2851F2B5400006BB8AC /* Services */ = {
			isa = PBXGroup;
			children = (
				FEC2D2861F2B5400006BB8AC /* ApiClient.swift */,
				FEC2D2871F2B5400006BB8AC /* GamesDataService.swift */,
				FE5C21661F2F27EE00522D65 /* TeamsDataService.swift */,
				FE52649A1F34ACA500E62A58 /* PlayersDataService.swift */,
				FEC0EBC21F46CB4E0048B849 /* GameDetailBoxScoreDataService.swift */,
			);
			path = Services;
			sourceTree = "<group>";
		};
		FEC2D28A1F2B540E006BB8AC /* Model */ = {
			isa = PBXGroup;
			children = (
				FEC2D28B1F2B540E006BB8AC /* Game.swift */,
				FEC0EBC61F46DB4E0048B849 /* GameTeamDetail.swift */,
				FEC0EBC41F46CD6B0048B849 /* GamePlayerStats.swift */,
				FE5C21681F2F2F6900522D65 /* Team.swift */,
				FE615F401F31CA7500B6C3E0 /* Player.swift */,
				FE6FB0501F433592006C7D44 /* TeamStatisticTableRowsModel.swift */,
			);
			path = Model;
			sourceTree = "<group>";
		};
		FEC2D29A1F2B69A8006BB8AC /* Resourses */ = {
			isa = PBXGroup;
			children = (
				FEC67FED1F54266B009471E0 /* Euroleague-Vid.mp4 */,
				FEC2D29B1F2B69A8006BB8AC /* Fonts */,
			);
			path = Resourses;
			sourceTree = "<group>";
		};
		FEC2D29B1F2B69A8006BB8AC /* Fonts */ = {
			isa = PBXGroup;
			children = (
				FEC2D29C1F2B69A8006BB8AC /* CoText_Bold.ttf */,
				FEC2D29D1F2B69A8006BB8AC /* CoText_Light.ttf */,
				FEC2D29E1F2B69A8006BB8AC /* CoText_Regular.ttf */,
			);
			path = Fonts;
			sourceTree = "<group>";
		};
		FEE5853A1F5D4ED0005A0A98 /* 1.GamesSchedule */ = {
			isa = PBXGroup;
			children = (
				FEE5853B1F5D4ED0005A0A98 /* GamesPagerViewController.swift */,
				FEE5853C1F5D4ED0005A0A98 /* MasterTableViewController.swift */,
				FEE5853D1F5D4ED0005A0A98 /* View */,
				FEE5853F1F5D4ED0005A0A98 /* ViewModel */,
			);
			path = 1.GamesSchedule;
			sourceTree = "<group>";
		};
		FEE5853D1F5D4ED0005A0A98 /* View */ = {
			isa = PBXGroup;
			children = (
				FEE5853E1F5D4ED0005A0A98 /* GamesTableViewCell.swift */,
			);
			path = View;
			sourceTree = "<group>";
		};
		FEE5853F1F5D4ED0005A0A98 /* ViewModel */ = {
			isa = PBXGroup;
			children = (
				FEE585401F5D4ED0005A0A98 /* GamesViewModel.swift */,
			);
			path = ViewModel;
			sourceTree = "<group>";
		};
		FEE585461F5D518E005A0A98 /* 2.Teams */ = {
			isa = PBXGroup;
			children = (
				FEE585471F5D518E005A0A98 /* TeamsTableViewController.swift */,
				FEE585481F5D518E005A0A98 /* View */,
				FEE5854A1F5D518E005A0A98 /* ViewModel */,
			);
			path = 2.Teams;
			sourceTree = "<group>";
		};
		FEE585481F5D518E005A0A98 /* View */ = {
			isa = PBXGroup;
			children = (
				FEE585491F5D518E005A0A98 /* TeamsTableViewCell.swift */,
			);
			path = View;
			sourceTree = "<group>";
		};
		FEE5854A1F5D518E005A0A98 /* ViewModel */ = {
			isa = PBXGroup;
			children = (
				FEE5854B1F5D518E005A0A98 /* TeamsViewModel.swift */,
			);
			path = ViewModel;
			sourceTree = "<group>";
		};
		FEE5854C1F5D518E005A0A98 /* 4.GameDetails */ = {
			isa = PBXGroup;
			children = (
				FEE5854D1F5D518E005A0A98 /* GameBoxScoreViewController.swift */,
				FEE5854E1F5D518E005A0A98 /* GameDetailMasterWebViewController.swift */,
				FEE5854F1F5D518E005A0A98 /* GameDetailViewController.swift */,
				FEE585501F5D518E005A0A98 /* View */,
				FEE585531F5D518E005A0A98 /* ViewModel */,
			);
			path = 4.GameDetails;
			sourceTree = "<group>";
		};
		FEE585501F5D518E005A0A98 /* View */ = {
			isa = PBXGroup;
			children = (
				FEE585511F5D518E005A0A98 /* BoxScoreMVPTableViewCell.swift */,
				FEE585521F5D518E005A0A98 /* BoxScoreQuarterCollectionViewCell.swift */,
			);
			path = View;
			sourceTree = "<group>";
		};
		FEE585531F5D518E005A0A98 /* ViewModel */ = {
			isa = PBXGroup;
			children = (
				FEE585541F5D518E005A0A98 /* BoxScoreViewModel.swift */,
			);
			path = ViewModel;
			sourceTree = "<group>";
		};
		FEE585551F5D518E005A0A98 /* 5.SideMenu */ = {
			isa = PBXGroup;
			children = (
				FEE585561F5D518E005A0A98 /* EuroNavigationController.swift */,
				FEE585571F5D518E005A0A98 /* MenuViewController.swift */,
				FEE585581F5D518E005A0A98 /* RootViewController.swift */,
				FEE585591F5D518E005A0A98 /* View */,
			);
			path = 5.SideMenu;
			sourceTree = "<group>";
		};
		FEE585591F5D518E005A0A98 /* View */ = {
			isa = PBXGroup;
			children = (
				FEE5855A1F5D518E005A0A98 /* LeagueChooserCollectionViewCell.swift */,
				FEE5855B1F5D518E005A0A98 /* MenuTableViewCell.swift */,
			);
			path = View;
			sourceTree = "<group>";
		};
		FEE5855C1F5D518E005A0A98 /* 6.Splash */ = {
			isa = PBXGroup;
			children = (
				FEE5855D1F5D518E005A0A98 /* SplashViewController.swift */,
			);
			path = 6.Splash;
			sourceTree = "<group>";
		};
		FEE5856D1F5D51F2005A0A98 /* 3.TeamDetail */ = {
			isa = PBXGroup;
			children = (
				FEE5856E1F5D51F2005A0A98 /* RostersTableViewController.swift */,
				FEE5856F1F5D51F2005A0A98 /* TeamDataViewController.swift */,
				FEE585701F5D51F2005A0A98 /* TeamStatisticsMenuTableViewController.swift */,
				FEE585711F5D51F2005A0A98 /* TeamStatisticsViewController.swift */,
				FEE585721F5D51F2005A0A98 /* View */,
				FEE585761F5D51F2005A0A98 /* ViewModel */,
			);
			path = 3.TeamDetail;
			sourceTree = "<group>";
		};
		FEE585721F5D51F2005A0A98 /* View */ = {
			isa = PBXGroup;
			children = (
				FEE585731F5D51F2005A0A98 /* PlayersTableViewCell.swift */,
				FEE585741F5D51F2005A0A98 /* TeamStatisticsMenuTableViewCell.swift */,
				FEE585751F5D51F2005A0A98 /* TeamStatisticsTableViewCell.swift */,
			);
			path = View;
			sourceTree = "<group>";
		};
		FEE585761F5D51F2005A0A98 /* ViewModel */ = {
			isa = PBXGroup;
			children = (
				FEE585771F5D51F2005A0A98 /* PlayerViewModel.swift */,
			);
			path = ViewModel;
			sourceTree = "<group>";
		};
		FEE585801F5D528A005A0A98 /* Helpers */ = {
			isa = PBXGroup;
			children = (
				FEE585811F5D528A005A0A98 /* Constants.swift */,
				FEE585821F5D528A005A0A98 /* RealmDBManager.swift */,
				FEE585831F5D528A005A0A98 /* Router.swift */,
				FEE585841F5D528A005A0A98 /* SwiftExtentions */,
			);
			path = Helpers;
			sourceTree = "<group>";
		};
		FEE585841F5D528A005A0A98 /* SwiftExtentions */ = {
			isa = PBXGroup;
			children = (
				FEE5858A1F5D52B8005A0A98 /* UIColorExtension.swift */,
				FEE5858C1F5D5317005A0A98 /* UIViewExtention.swift */,
				FEE5858E1F5D535E005A0A98 /* StringExtention.swift */,
				FEE585901F5D5376005A0A98 /* DateExtention.swift */,
				FEE585921F5D53AD005A0A98 /* FloatExtention.swift */,
			);
			path = SwiftExtentions;
			sourceTree = "<group>";
		};
/* End PBXGroup section */

/* Begin PBXNativeTarget section */
		A5FF78B91F0FA74E00F6E9A2 /* Euroleague-Graduate */ = {
			isa = PBXNativeTarget;
			buildConfigurationList = A5FF78E21F0FA74F00F6E9A2 /* Build configuration list for PBXNativeTarget "Euroleague-Graduate" */;
			buildPhases = (
				7288BFD380BBD698D163872B /* [CP] Check Pods Manifest.lock */,
				A5FF78B61F0FA74E00F6E9A2 /* Sources */,
				A5FF78B71F0FA74E00F6E9A2 /* Frameworks */,
				A5FF78B81F0FA74E00F6E9A2 /* Resources */,
				8E8817FA5ADF949E3C2C264B /* [CP] Embed Pods Frameworks */,
				0AF6EFE00122B782882ED4BF /* [CP] Copy Pods Resources */,
				FE7BD5CF1F56E5B50014D335 /* Swiftlint */,
			);
			buildRules = (
			);
			dependencies = (
			);
			name = "Euroleague-Graduate";
			productName = "Euroleague-Graduate";
			productReference = A5FF78BA1F0FA74E00F6E9A2 /* Euroleague-Graduate.app */;
			productType = "com.apple.product-type.application";
		};
		A5FF78CD1F0FA74F00F6E9A2 /* Euroleague-GraduateTests */ = {
			isa = PBXNativeTarget;
			buildConfigurationList = A5FF78E51F0FA74F00F6E9A2 /* Build configuration list for PBXNativeTarget "Euroleague-GraduateTests" */;
			buildPhases = (
				6E2A2D3C2CA748BF1B5D4B62 /* [CP] Check Pods Manifest.lock */,
				A5FF78CA1F0FA74F00F6E9A2 /* Sources */,
				A5FF78CB1F0FA74F00F6E9A2 /* Frameworks */,
				A5FF78CC1F0FA74F00F6E9A2 /* Resources */,
				61694293426D91A1C4B12D78 /* [CP] Embed Pods Frameworks */,
				096E9EC19FBE3F57A488AF2D /* [CP] Copy Pods Resources */,
			);
			buildRules = (
			);
			dependencies = (
				A5FF78D01F0FA74F00F6E9A2 /* PBXTargetDependency */,
			);
			name = "Euroleague-GraduateTests";
			productName = "Euroleague-GraduateTests";
			productReference = A5FF78CE1F0FA74F00F6E9A2 /* Euroleague-GraduateTests.xctest */;
			productType = "com.apple.product-type.bundle.unit-test";
		};
		A5FF78D81F0FA74F00F6E9A2 /* Euroleague-GraduateUITests */ = {
			isa = PBXNativeTarget;
			buildConfigurationList = A5FF78E81F0FA74F00F6E9A2 /* Build configuration list for PBXNativeTarget "Euroleague-GraduateUITests" */;
			buildPhases = (
				A5FF78D51F0FA74F00F6E9A2 /* Sources */,
				A5FF78D61F0FA74F00F6E9A2 /* Frameworks */,
				A5FF78D71F0FA74F00F6E9A2 /* Resources */,
			);
			buildRules = (
			);
			dependencies = (
				A5FF78DB1F0FA74F00F6E9A2 /* PBXTargetDependency */,
			);
			name = "Euroleague-GraduateUITests";
			productName = "Euroleague-GraduateUITests";
			productReference = A5FF78D91F0FA74F00F6E9A2 /* Euroleague-GraduateUITests.xctest */;
			productType = "com.apple.product-type.bundle.ui-testing";
		};
/* End PBXNativeTarget section */

/* Begin PBXProject section */
		A5FF78B21F0FA74E00F6E9A2 /* Project object */ = {
			isa = PBXProject;
			attributes = {
				LastSwiftUpdateCheck = 0820;
				LastUpgradeCheck = 0820;
				ORGANIZATIONNAME = Modeso;
				TargetAttributes = {
					A5FF78B91F0FA74E00F6E9A2 = {
						CreatedOnToolsVersion = 8.2.1;
						DevelopmentTeam = Q9ETT5Y44Q;
						ProvisioningStyle = Automatic;
					};
					A5FF78CD1F0FA74F00F6E9A2 = {
						CreatedOnToolsVersion = 8.2.1;
						DevelopmentTeam = XP9UK5V4RA;
						ProvisioningStyle = Automatic;
						TestTargetID = A5FF78B91F0FA74E00F6E9A2;
					};
					A5FF78D81F0FA74F00F6E9A2 = {
						CreatedOnToolsVersion = 8.2.1;
						DevelopmentTeam = XP9UK5V4RA;
						ProvisioningStyle = Automatic;
						TestTargetID = A5FF78B91F0FA74E00F6E9A2;
					};
				};
			};
			buildConfigurationList = A5FF78B51F0FA74E00F6E9A2 /* Build configuration list for PBXProject "Euroleague-Graduate" */;
			compatibilityVersion = "Xcode 3.2";
			developmentRegion = English;
			hasScannedForEncodings = 0;
			knownRegions = (
				en,
				Base,
			);
			mainGroup = A5FF78B11F0FA74E00F6E9A2;
			productRefGroup = A5FF78BB1F0FA74E00F6E9A2 /* Products */;
			projectDirPath = "";
			projectRoot = "";
			targets = (
				A5FF78B91F0FA74E00F6E9A2 /* Euroleague-Graduate */,
				A5FF78CD1F0FA74F00F6E9A2 /* Euroleague-GraduateTests */,
				A5FF78D81F0FA74F00F6E9A2 /* Euroleague-GraduateUITests */,
			);
		};
/* End PBXProject section */

/* Begin PBXResourcesBuildPhase section */
		A5FF78B81F0FA74E00F6E9A2 /* Resources */ = {
			isa = PBXResourcesBuildPhase;
			buildActionMask = 2147483647;
			files = (
				FEC67FEE1F54266B009471E0 /* Euroleague-Vid.mp4 in Resources */,
				FEC2D2A01F2B69A8006BB8AC /* CoText_Light.ttf in Resources */,
				A5FF78C81F0FA74E00F6E9A2 /* LaunchScreen.storyboard in Resources */,
				A5FF78C51F0FA74E00F6E9A2 /* Assets.xcassets in Resources */,
				FEC2D29F1F2B69A8006BB8AC /* CoText_Bold.ttf in Resources */,
				FEC2D2A11F2B69A8006BB8AC /* CoText_Regular.ttf in Resources */,
				A5FF78C31F0FA74E00F6E9A2 /* Main.storyboard in Resources */,
			);
			runOnlyForDeploymentPostprocessing = 0;
		};
		A5FF78CC1F0FA74F00F6E9A2 /* Resources */ = {
			isa = PBXResourcesBuildPhase;
			buildActionMask = 2147483647;
			files = (
			);
			runOnlyForDeploymentPostprocessing = 0;
		};
		A5FF78D71F0FA74F00F6E9A2 /* Resources */ = {
			isa = PBXResourcesBuildPhase;
			buildActionMask = 2147483647;
			files = (
			);
			runOnlyForDeploymentPostprocessing = 0;
		};
/* End PBXResourcesBuildPhase section */

/* Begin PBXShellScriptBuildPhase section */
		096E9EC19FBE3F57A488AF2D /* [CP] Copy Pods Resources */ = {
			isa = PBXShellScriptBuildPhase;
			buildActionMask = 2147483647;
			files = (
			);
			inputPaths = (
			);
			name = "[CP] Copy Pods Resources";
			outputPaths = (
			);
			runOnlyForDeploymentPostprocessing = 0;
			shellPath = /bin/sh;
			shellScript = "\"${SRCROOT}/Pods/Target Support Files/Pods-Euroleague-GraduateTests/Pods-Euroleague-GraduateTests-resources.sh\"\n";
			showEnvVarsInLog = 0;
		};
		0AF6EFE00122B782882ED4BF /* [CP] Copy Pods Resources */ = {
			isa = PBXShellScriptBuildPhase;
			buildActionMask = 2147483647;
			files = (
			);
			inputPaths = (
			);
			name = "[CP] Copy Pods Resources";
			outputPaths = (
			);
			runOnlyForDeploymentPostprocessing = 0;
			shellPath = /bin/sh;
			shellScript = "\"${SRCROOT}/Pods/Target Support Files/Pods-Euroleague-Graduate/Pods-Euroleague-Graduate-resources.sh\"\n";
			showEnvVarsInLog = 0;
		};
		61694293426D91A1C4B12D78 /* [CP] Embed Pods Frameworks */ = {
			isa = PBXShellScriptBuildPhase;
			buildActionMask = 2147483647;
			files = (
			);
			inputPaths = (
			);
			name = "[CP] Embed Pods Frameworks";
			outputPaths = (
			);
			runOnlyForDeploymentPostprocessing = 0;
			shellPath = /bin/sh;
			shellScript = "\"${SRCROOT}/Pods/Target Support Files/Pods-Euroleague-GraduateTests/Pods-Euroleague-GraduateTests-frameworks.sh\"\n";
			showEnvVarsInLog = 0;
		};
		6E2A2D3C2CA748BF1B5D4B62 /* [CP] Check Pods Manifest.lock */ = {
			isa = PBXShellScriptBuildPhase;
			buildActionMask = 2147483647;
			files = (
			);
			inputPaths = (
			);
			name = "[CP] Check Pods Manifest.lock";
			outputPaths = (
			);
			runOnlyForDeploymentPostprocessing = 0;
			shellPath = /bin/sh;
			shellScript = "diff \"${PODS_PODFILE_DIR_PATH}/Podfile.lock\" \"${PODS_ROOT}/Manifest.lock\" > /dev/null\nif [ $? != 0 ] ; then\n    # print error to STDERR\n    echo \"error: The sandbox is not in sync with the Podfile.lock. Run 'pod install' or update your CocoaPods installation.\" >&2\n    exit 1\nfi\n";
			showEnvVarsInLog = 0;
		};
		7288BFD380BBD698D163872B /* [CP] Check Pods Manifest.lock */ = {
			isa = PBXShellScriptBuildPhase;
			buildActionMask = 2147483647;
			files = (
			);
			inputPaths = (
			);
			name = "[CP] Check Pods Manifest.lock";
			outputPaths = (
			);
			runOnlyForDeploymentPostprocessing = 0;
			shellPath = /bin/sh;
			shellScript = "diff \"${PODS_PODFILE_DIR_PATH}/Podfile.lock\" \"${PODS_ROOT}/Manifest.lock\" > /dev/null\nif [ $? != 0 ] ; then\n    # print error to STDERR\n    echo \"error: The sandbox is not in sync with the Podfile.lock. Run 'pod install' or update your CocoaPods installation.\" >&2\n    exit 1\nfi\n";
			showEnvVarsInLog = 0;
		};
		8E8817FA5ADF949E3C2C264B /* [CP] Embed Pods Frameworks */ = {
			isa = PBXShellScriptBuildPhase;
			buildActionMask = 2147483647;
			files = (
			);
			inputPaths = (
			);
			name = "[CP] Embed Pods Frameworks";
			outputPaths = (
			);
			runOnlyForDeploymentPostprocessing = 0;
			shellPath = /bin/sh;
			shellScript = "\"${SRCROOT}/Pods/Target Support Files/Pods-Euroleague-Graduate/Pods-Euroleague-Graduate-frameworks.sh\"\n";
			showEnvVarsInLog = 0;
		};
		FE7BD5CF1F56E5B50014D335 /* Swiftlint */ = {
			isa = PBXShellScriptBuildPhase;
			buildActionMask = 2147483647;
			files = (
			);
			inputPaths = (
			);
			name = Swiftlint;
			outputPaths = (
			);
			runOnlyForDeploymentPostprocessing = 0;
			shellPath = /bin/sh;
			shellScript = "if which swiftlint >/dev/null; then\n    swiftlint\nelse\n    echo \"warning: SwiftLint not installed, download from https://github.com/realm/SwiftLint\"\nfi";
		};
/* End PBXShellScriptBuildPhase section */

/* Begin PBXSourcesBuildPhase section */
		A5FF78B61F0FA74E00F6E9A2 /* Sources */ = {
			isa = PBXSourcesBuildPhase;
			buildActionMask = 2147483647;
			files = (
				FE5C21671F2F27EE00522D65 /* TeamsDataService.swift in Sources */,
				A5FF78BE1F0FA74E00F6E9A2 /* AppDelegate.swift in Sources */,
				FEE585601F5D518E005A0A98 /* TeamsViewModel.swift in Sources */,
				FEE585671F5D518E005A0A98 /* EuroNavigationController.swift in Sources */,
				FEE585421F5D4ED0005A0A98 /* GamesPagerViewController.swift in Sources */,
				FEE585871F5D528A005A0A98 /* RealmDBManager.swift in Sources */,
				FEE5858D1F5D5317005A0A98 /* UIViewExtention.swift in Sources */,
				FEC2D2891F2B5400006BB8AC /* GamesDataService.swift in Sources */,
				FEE585911F5D5376005A0A98 /* DateExtention.swift in Sources */,
				FEE585681F5D518E005A0A98 /* MenuViewController.swift in Sources */,
				FEE5857C1F5D51F2005A0A98 /* PlayersTableViewCell.swift in Sources */,
				FEE585451F5D4ED0005A0A98 /* GamesViewModel.swift in Sources */,
				FEE585881F5D528A005A0A98 /* Router.swift in Sources */,
				FEE585661F5D518E005A0A98 /* BoxScoreViewModel.swift in Sources */,
				FEE5857D1F5D51F2005A0A98 /* TeamStatisticsMenuTableViewCell.swift in Sources */,
				FEE585621F5D518E005A0A98 /* GameDetailMasterWebViewController.swift in Sources */,
				FEE585431F5D4ED0005A0A98 /* MasterTableViewController.swift in Sources */,
				FEE585611F5D518E005A0A98 /* GameBoxScoreViewController.swift in Sources */,
				FEE5856A1F5D518E005A0A98 /* LeagueChooserCollectionViewCell.swift in Sources */,
				FEE5855F1F5D518E005A0A98 /* TeamsTableViewCell.swift in Sources */,
				FEE5857B1F5D51F2005A0A98 /* TeamStatisticsViewController.swift in Sources */,
				FEE5857F1F5D51F2005A0A98 /* PlayerViewModel.swift in Sources */,
				FEE585791F5D51F2005A0A98 /* TeamDataViewController.swift in Sources */,
				FEC0EBC51F46CD6B0048B849 /* GamePlayerStats.swift in Sources */,
				FEE5856C1F5D518E005A0A98 /* SplashViewController.swift in Sources */,
				FEE585781F5D51F2005A0A98 /* RostersTableViewController.swift in Sources */,
				FE6FB0511F433592006C7D44 /* TeamStatisticTableRowsModel.swift in Sources */,
				FEC0EBC31F46CB4E0048B849 /* GameDetailBoxScoreDataService.swift in Sources */,
				FE5C21691F2F2F6900522D65 /* Team.swift in Sources */,
				FEE5856B1F5D518E005A0A98 /* MenuTableViewCell.swift in Sources */,
				FEC2D28C1F2B540E006BB8AC /* Game.swift in Sources */,
				FEE585691F5D518E005A0A98 /* RootViewController.swift in Sources */,
				FEE5857E1F5D51F2005A0A98 /* TeamStatisticsTableViewCell.swift in Sources */,
				FEE5857A1F5D51F2005A0A98 /* TeamStatisticsMenuTableViewController.swift in Sources */,
				FEE585931F5D53AD005A0A98 /* FloatExtention.swift in Sources */,
				FEE585441F5D4ED0005A0A98 /* GamesTableViewCell.swift in Sources */,
				FEE5855E1F5D518E005A0A98 /* TeamsTableViewController.swift in Sources */,
				FE52649B1F34ACA500E62A58 /* PlayersDataService.swift in Sources */,
				FEE585651F5D518E005A0A98 /* BoxScoreQuarterCollectionViewCell.swift in Sources */,
				FEE585641F5D518E005A0A98 /* BoxScoreMVPTableViewCell.swift in Sources */,
				FEC0EBC71F46DB4E0048B849 /* GameTeamDetail.swift in Sources */,
				FEE5858B1F5D52B8005A0A98 /* UIColorExtension.swift in Sources */,
				FEE5858F1F5D535E005A0A98 /* StringExtention.swift in Sources */,
				FEE585861F5D528A005A0A98 /* Constants.swift in Sources */,
				FE615F411F31CA7500B6C3E0 /* Player.swift in Sources */,
				FEC2D2881F2B5400006BB8AC /* ApiClient.swift in Sources */,
				FEE585631F5D518E005A0A98 /* GameDetailViewController.swift in Sources */,
			);
			runOnlyForDeploymentPostprocessing = 0;
		};
		A5FF78CA1F0FA74F00F6E9A2 /* Sources */ = {
			isa = PBXSourcesBuildPhase;
			buildActionMask = 2147483647;
			files = (
				A5FF78D31F0FA74F00F6E9A2 /* Euroleague_GraduateTests.swift in Sources */,
				FE540CD01F20BB9F000A75A0 /* ApiResponseTest.swift in Sources */,
				FE528DCD1F289AC700597D0A /* DataRetrivalTest.swift in Sources */,
			);
			runOnlyForDeploymentPostprocessing = 0;
		};
		A5FF78D51F0FA74F00F6E9A2 /* Sources */ = {
			isa = PBXSourcesBuildPhase;
			buildActionMask = 2147483647;
			files = (
				A5FF78DE1F0FA74F00F6E9A2 /* Euroleague_GraduateUITests.swift in Sources */,
			);
			runOnlyForDeploymentPostprocessing = 0;
		};
/* End PBXSourcesBuildPhase section */

/* Begin PBXTargetDependency section */
		A5FF78D01F0FA74F00F6E9A2 /* PBXTargetDependency */ = {
			isa = PBXTargetDependency;
			target = A5FF78B91F0FA74E00F6E9A2 /* Euroleague-Graduate */;
			targetProxy = A5FF78CF1F0FA74F00F6E9A2 /* PBXContainerItemProxy */;
		};
		A5FF78DB1F0FA74F00F6E9A2 /* PBXTargetDependency */ = {
			isa = PBXTargetDependency;
			target = A5FF78B91F0FA74E00F6E9A2 /* Euroleague-Graduate */;
			targetProxy = A5FF78DA1F0FA74F00F6E9A2 /* PBXContainerItemProxy */;
		};
/* End PBXTargetDependency section */

/* Begin PBXVariantGroup section */
		A5FF78C11F0FA74E00F6E9A2 /* Main.storyboard */ = {
			isa = PBXVariantGroup;
			children = (
				A5FF78C21F0FA74E00F6E9A2 /* Base */,
			);
			name = Main.storyboard;
			sourceTree = "<group>";
		};
		A5FF78C61F0FA74E00F6E9A2 /* LaunchScreen.storyboard */ = {
			isa = PBXVariantGroup;
			children = (
				A5FF78C71F0FA74E00F6E9A2 /* Base */,
			);
			name = LaunchScreen.storyboard;
			sourceTree = "<group>";
		};
/* End PBXVariantGroup section */

/* Begin XCBuildConfiguration section */
		A5FF78E01F0FA74F00F6E9A2 /* Debug */ = {
			isa = XCBuildConfiguration;
			buildSettings = {
				ALWAYS_SEARCH_USER_PATHS = NO;
				CLANG_ANALYZER_NONNULL = YES;
				CLANG_CXX_LANGUAGE_STANDARD = "gnu++0x";
				CLANG_CXX_LIBRARY = "libc++";
				CLANG_ENABLE_MODULES = YES;
				CLANG_ENABLE_OBJC_ARC = YES;
				CLANG_WARN_BOOL_CONVERSION = YES;
				CLANG_WARN_CONSTANT_CONVERSION = YES;
				CLANG_WARN_DIRECT_OBJC_ISA_USAGE = YES_ERROR;
				CLANG_WARN_DOCUMENTATION_COMMENTS = YES;
				CLANG_WARN_EMPTY_BODY = YES;
				CLANG_WARN_ENUM_CONVERSION = YES;
				CLANG_WARN_INFINITE_RECURSION = YES;
				CLANG_WARN_INT_CONVERSION = YES;
				CLANG_WARN_OBJC_ROOT_CLASS = YES_ERROR;
				CLANG_WARN_SUSPICIOUS_MOVE = YES;
				CLANG_WARN_UNREACHABLE_CODE = YES;
				CLANG_WARN__DUPLICATE_METHOD_MATCH = YES;
				"CODE_SIGN_IDENTITY[sdk=iphoneos*]" = "iPhone Developer";
				COPY_PHASE_STRIP = NO;
				DEBUG_INFORMATION_FORMAT = dwarf;
				ENABLE_STRICT_OBJC_MSGSEND = YES;
				ENABLE_TESTABILITY = YES;
				GCC_C_LANGUAGE_STANDARD = gnu99;
				GCC_DYNAMIC_NO_PIC = NO;
				GCC_NO_COMMON_BLOCKS = YES;
				GCC_OPTIMIZATION_LEVEL = 0;
				GCC_PREPROCESSOR_DEFINITIONS = (
					"DEBUG=1",
					"$(inherited)",
				);
				GCC_WARN_64_TO_32_BIT_CONVERSION = YES;
				GCC_WARN_ABOUT_RETURN_TYPE = YES_ERROR;
				GCC_WARN_UNDECLARED_SELECTOR = YES;
				GCC_WARN_UNINITIALIZED_AUTOS = YES_AGGRESSIVE;
				GCC_WARN_UNUSED_FUNCTION = YES;
				GCC_WARN_UNUSED_VARIABLE = YES;
				IPHONEOS_DEPLOYMENT_TARGET = 10.2;
				MTL_ENABLE_DEBUG_INFO = YES;
				ONLY_ACTIVE_ARCH = YES;
				SDKROOT = iphoneos;
				SWIFT_ACTIVE_COMPILATION_CONDITIONS = DEBUG;
				SWIFT_OPTIMIZATION_LEVEL = "-Onone";
			};
			name = Debug;
		};
		A5FF78E11F0FA74F00F6E9A2 /* Release */ = {
			isa = XCBuildConfiguration;
			buildSettings = {
				ALWAYS_SEARCH_USER_PATHS = NO;
				CLANG_ANALYZER_NONNULL = YES;
				CLANG_CXX_LANGUAGE_STANDARD = "gnu++0x";
				CLANG_CXX_LIBRARY = "libc++";
				CLANG_ENABLE_MODULES = YES;
				CLANG_ENABLE_OBJC_ARC = YES;
				CLANG_WARN_BOOL_CONVERSION = YES;
				CLANG_WARN_CONSTANT_CONVERSION = YES;
				CLANG_WARN_DIRECT_OBJC_ISA_USAGE = YES_ERROR;
				CLANG_WARN_DOCUMENTATION_COMMENTS = YES;
				CLANG_WARN_EMPTY_BODY = YES;
				CLANG_WARN_ENUM_CONVERSION = YES;
				CLANG_WARN_INFINITE_RECURSION = YES;
				CLANG_WARN_INT_CONVERSION = YES;
				CLANG_WARN_OBJC_ROOT_CLASS = YES_ERROR;
				CLANG_WARN_SUSPICIOUS_MOVE = YES;
				CLANG_WARN_UNREACHABLE_CODE = YES;
				CLANG_WARN__DUPLICATE_METHOD_MATCH = YES;
				"CODE_SIGN_IDENTITY[sdk=iphoneos*]" = "iPhone Developer";
				COPY_PHASE_STRIP = NO;
				DEBUG_INFORMATION_FORMAT = "dwarf-with-dsym";
				ENABLE_NS_ASSERTIONS = NO;
				ENABLE_STRICT_OBJC_MSGSEND = YES;
				GCC_C_LANGUAGE_STANDARD = gnu99;
				GCC_NO_COMMON_BLOCKS = YES;
				GCC_WARN_64_TO_32_BIT_CONVERSION = YES;
				GCC_WARN_ABOUT_RETURN_TYPE = YES_ERROR;
				GCC_WARN_UNDECLARED_SELECTOR = YES;
				GCC_WARN_UNINITIALIZED_AUTOS = YES_AGGRESSIVE;
				GCC_WARN_UNUSED_FUNCTION = YES;
				GCC_WARN_UNUSED_VARIABLE = YES;
				IPHONEOS_DEPLOYMENT_TARGET = 10.2;
				MTL_ENABLE_DEBUG_INFO = NO;
				SDKROOT = iphoneos;
				SWIFT_OPTIMIZATION_LEVEL = "-Owholemodule";
				VALIDATE_PRODUCT = YES;
			};
			name = Release;
		};
		A5FF78E31F0FA74F00F6E9A2 /* Debug */ = {
			isa = XCBuildConfiguration;
			baseConfigurationReference = 84DD3988E1A3253923452F18 /* Pods-Euroleague-Graduate.debug.xcconfig */;
			buildSettings = {
				ASSETCATALOG_COMPILER_APPICON_NAME = AppIcon;
				"CODE_SIGN_IDENTITY[sdk=iphoneos*]" = "iPhone Developer";
				DEVELOPMENT_TEAM = Q9ETT5Y44Q;
				INFOPLIST_FILE = "Euroleague-Graduate/Info.plist";
				LD_RUNPATH_SEARCH_PATHS = "$(inherited) @executable_path/Frameworks";
				PRODUCT_BUNDLE_IDENTIFIER = com.Modeso.EuroleagueGraduateApp;
				PRODUCT_NAME = "$(TARGET_NAME)";
				PROVISIONING_PROFILE = "";
				PROVISIONING_PROFILE_SPECIFIER = "";
				SWIFT_VERSION = 3.0;
				TARGETED_DEVICE_FAMILY = "1,2";
			};
			name = Debug;
		};
		A5FF78E41F0FA74F00F6E9A2 /* Release */ = {
			isa = XCBuildConfiguration;
			baseConfigurationReference = F5B4642116FFE1367BFA93F5 /* Pods-Euroleague-Graduate.release.xcconfig */;
			buildSettings = {
				ASSETCATALOG_COMPILER_APPICON_NAME = AppIcon;
				"CODE_SIGN_IDENTITY[sdk=iphoneos*]" = "iPhone Developer";
				DEVELOPMENT_TEAM = Q9ETT5Y44Q;
				INFOPLIST_FILE = "Euroleague-Graduate/Info.plist";
				LD_RUNPATH_SEARCH_PATHS = "$(inherited) @executable_path/Frameworks";
				PRODUCT_BUNDLE_IDENTIFIER = com.Modeso.EuroleagueGraduateApp;
				PRODUCT_NAME = "$(TARGET_NAME)";
				SWIFT_VERSION = 3.0;
				TARGETED_DEVICE_FAMILY = "1,2";
			};
			name = Release;
		};
		A5FF78E61F0FA74F00F6E9A2 /* Debug */ = {
			isa = XCBuildConfiguration;
			baseConfigurationReference = B37D69230445B1A7B7CFD2B6 /* Pods-Euroleague-GraduateTests.debug.xcconfig */;
			buildSettings = {
				ALWAYS_EMBED_SWIFT_STANDARD_LIBRARIES = YES;
				BUNDLE_LOADER = "$(TEST_HOST)";
				DEVELOPMENT_TEAM = XP9UK5V4RA;
				INFOPLIST_FILE = "Euroleague-GraduateTests/Info.plist";
				LD_RUNPATH_SEARCH_PATHS = "$(inherited) @executable_path/Frameworks @loader_path/Frameworks";
				PRODUCT_BUNDLE_IDENTIFIER = "com.Modeso.Euroleague-GraduateTests";
				PRODUCT_NAME = "$(TARGET_NAME)";
				SWIFT_VERSION = 3.0;
				TEST_HOST = "$(BUILT_PRODUCTS_DIR)/Euroleague-Graduate.app/Euroleague-Graduate";
			};
			name = Debug;
		};
		A5FF78E71F0FA74F00F6E9A2 /* Release */ = {
			isa = XCBuildConfiguration;
			baseConfigurationReference = 01ADB76913D80F4F437C791F /* Pods-Euroleague-GraduateTests.release.xcconfig */;
			buildSettings = {
				ALWAYS_EMBED_SWIFT_STANDARD_LIBRARIES = YES;
				BUNDLE_LOADER = "$(TEST_HOST)";
				DEVELOPMENT_TEAM = XP9UK5V4RA;
				INFOPLIST_FILE = "Euroleague-GraduateTests/Info.plist";
				LD_RUNPATH_SEARCH_PATHS = "$(inherited) @executable_path/Frameworks @loader_path/Frameworks";
				PRODUCT_BUNDLE_IDENTIFIER = "com.Modeso.Euroleague-GraduateTests";
				PRODUCT_NAME = "$(TARGET_NAME)";
				SWIFT_VERSION = 3.0;
				TEST_HOST = "$(BUILT_PRODUCTS_DIR)/Euroleague-Graduate.app/Euroleague-Graduate";
			};
			name = Release;
		};
		A5FF78E91F0FA74F00F6E9A2 /* Debug */ = {
			isa = XCBuildConfiguration;
			buildSettings = {
				ALWAYS_EMBED_SWIFT_STANDARD_LIBRARIES = YES;
				DEVELOPMENT_TEAM = XP9UK5V4RA;
				INFOPLIST_FILE = "Euroleague-GraduateUITests/Info.plist";
				LD_RUNPATH_SEARCH_PATHS = "$(inherited) @executable_path/Frameworks @loader_path/Frameworks";
				PRODUCT_BUNDLE_IDENTIFIER = "com.Modeso.Euroleague-GraduateUITests";
				PRODUCT_NAME = "$(TARGET_NAME)";
				SWIFT_VERSION = 3.0;
				TEST_TARGET_NAME = "Euroleague-Graduate";
			};
			name = Debug;
		};
		A5FF78EA1F0FA74F00F6E9A2 /* Release */ = {
			isa = XCBuildConfiguration;
			buildSettings = {
				ALWAYS_EMBED_SWIFT_STANDARD_LIBRARIES = YES;
				DEVELOPMENT_TEAM = XP9UK5V4RA;
				INFOPLIST_FILE = "Euroleague-GraduateUITests/Info.plist";
				LD_RUNPATH_SEARCH_PATHS = "$(inherited) @executable_path/Frameworks @loader_path/Frameworks";
				PRODUCT_BUNDLE_IDENTIFIER = "com.Modeso.Euroleague-GraduateUITests";
				PRODUCT_NAME = "$(TARGET_NAME)";
				SWIFT_VERSION = 3.0;
				TEST_TARGET_NAME = "Euroleague-Graduate";
			};
			name = Release;
		};
/* End XCBuildConfiguration section */

/* Begin XCConfigurationList section */
		A5FF78B51F0FA74E00F6E9A2 /* Build configuration list for PBXProject "Euroleague-Graduate" */ = {
			isa = XCConfigurationList;
			buildConfigurations = (
				A5FF78E01F0FA74F00F6E9A2 /* Debug */,
				A5FF78E11F0FA74F00F6E9A2 /* Release */,
			);
			defaultConfigurationIsVisible = 0;
			defaultConfigurationName = Release;
		};
		A5FF78E21F0FA74F00F6E9A2 /* Build configuration list for PBXNativeTarget "Euroleague-Graduate" */ = {
			isa = XCConfigurationList;
			buildConfigurations = (
				A5FF78E31F0FA74F00F6E9A2 /* Debug */,
				A5FF78E41F0FA74F00F6E9A2 /* Release */,
			);
			defaultConfigurationIsVisible = 0;
			defaultConfigurationName = Release;
		};
		A5FF78E51F0FA74F00F6E9A2 /* Build configuration list for PBXNativeTarget "Euroleague-GraduateTests" */ = {
			isa = XCConfigurationList;
			buildConfigurations = (
				A5FF78E61F0FA74F00F6E9A2 /* Debug */,
				A5FF78E71F0FA74F00F6E9A2 /* Release */,
			);
			defaultConfigurationIsVisible = 0;
			defaultConfigurationName = Release;
		};
		A5FF78E81F0FA74F00F6E9A2 /* Build configuration list for PBXNativeTarget "Euroleague-GraduateUITests" */ = {
			isa = XCConfigurationList;
			buildConfigurations = (
				A5FF78E91F0FA74F00F6E9A2 /* Debug */,
				A5FF78EA1F0FA74F00F6E9A2 /* Release */,
			);
			defaultConfigurationIsVisible = 0;
			defaultConfigurationName = Release;
		};
/* End XCConfigurationList section */
	};
	rootObject = A5FF78B21F0FA74E00F6E9A2 /* Project object */;
}
