// !$*UTF8*$!
{
	archiveVersion = 1;
	classes = {
	};
	objectVersion = 46;
	objects = {

/* Begin PBXBuildFile section */
		A5FF78BE1F0FA74E00F6E9A2 /* AppDelegate.swift in Sources */ = {isa = PBXBuildFile; fileRef = A5FF78BD1F0FA74E00F6E9A2 /* AppDelegate.swift */; };
		A5FF78C31F0FA74E00F6E9A2 /* Main.storyboard in Resources */ = {isa = PBXBuildFile; fileRef = A5FF78C11F0FA74E00F6E9A2 /* Main.storyboard */; };
		A5FF78C51F0FA74E00F6E9A2 /* Assets.xcassets in Resources */ = {isa = PBXBuildFile; fileRef = A5FF78C41F0FA74E00F6E9A2 /* Assets.xcassets */; };
		A5FF78C81F0FA74E00F6E9A2 /* LaunchScreen.storyboard in Resources */ = {isa = PBXBuildFile; fileRef = A5FF78C61F0FA74E00F6E9A2 /* LaunchScreen.storyboard */; };
		A5FF78D31F0FA74F00F6E9A2 /* Euroleague_GraduateTests.swift in Sources */ = {isa = PBXBuildFile; fileRef = A5FF78D21F0FA74F00F6E9A2 /* Euroleague_GraduateTests.swift */; };
		A5FF78DE1F0FA74F00F6E9A2 /* Euroleague_GraduateUITests.swift in Sources */ = {isa = PBXBuildFile; fileRef = A5FF78DD1F0FA74F00F6E9A2 /* Euroleague_GraduateUITests.swift */; };
		A5FF78EF1F0FA95F00F6E9A2 /* AbstractViewController.swift in Sources */ = {isa = PBXBuildFile; fileRef = A5FF78EE1F0FA95F00F6E9A2 /* AbstractViewController.swift */; };
		A5FF78F11F0FA9BB00F6E9A2 /* AbstractViewModel.swift in Sources */ = {isa = PBXBuildFile; fileRef = A5FF78F01F0FA9BB00F6E9A2 /* AbstractViewModel.swift */; };
		E49A004AC4F45BE0AEFD1C45 /* Pods_Euroleague_Graduate.framework in Frameworks */ = {isa = PBXBuildFile; fileRef = B35C4F623F55A7C474F985E8 /* Pods_Euroleague_Graduate.framework */; };
		FE540CCC1F20BAD3000A75A0 /* ApiClient.swift in Sources */ = {isa = PBXBuildFile; fileRef = FE540CCB1F20BAD3000A75A0 /* ApiClient.swift */; };
		FE540CCE1F20BB53000A75A0 /* TurkishAirLinesGamesDataService.swift in Sources */ = {isa = PBXBuildFile; fileRef = FE540CCD1F20BB53000A75A0 /* TurkishAirLinesGamesDataService.swift */; };
		FE540CD01F20BB9F000A75A0 /* ApiResponseTest.swift in Sources */ = {isa = PBXBuildFile; fileRef = FE540CCF1F20BB9F000A75A0 /* ApiResponseTest.swift */; };
		FE540CD41F20CDE1000A75A0 /* GameData.swift in Sources */ = {isa = PBXBuildFile; fileRef = FE540CD31F20CDE1000A75A0 /* GameData.swift */; };
		FE6DDF881F26114400BA9FCB /* TurkishLeagueRegularSeosonTableViewController.swift in Sources */ = {isa = PBXBuildFile; fileRef = FE6DDF871F26114400BA9FCB /* TurkishLeagueRegularSeosonTableViewController.swift */; };
		FE6DDF8A1F2611A800BA9FCB /* TurkishLeaguePOTableViewController.swift in Sources */ = {isa = PBXBuildFile; fileRef = FE6DDF891F2611A800BA9FCB /* TurkishLeaguePOTableViewController.swift */; };
		FE6DDF8C1F2611C800BA9FCB /* TurkishLeagueFFTableViewController.swift in Sources */ = {isa = PBXBuildFile; fileRef = FE6DDF8B1F2611C800BA9FCB /* TurkishLeagueFFTableViewController.swift */; };
		FE6DDF8F1F26148D00BA9FCB /* TurkishLeagueViewModel.swift in Sources */ = {isa = PBXBuildFile; fileRef = FE6DDF8E1F26148D00BA9FCB /* TurkishLeagueViewModel.swift */; };
		FE6DDF911F2623AC00BA9FCB /* TurkishLeagueTableViewCell.swift in Sources */ = {isa = PBXBuildFile; fileRef = FE6DDF901F2623AC00BA9FCB /* TurkishLeagueTableViewCell.swift */; };
		FE6DDF961F26252700BA9FCB /* TurkishLeagueTableCell.xib in Resources */ = {isa = PBXBuildFile; fileRef = FE6DDF951F26252700BA9FCB /* TurkishLeagueTableCell.xib */; };
		FE8C60A91F22126700D4EF83 /* RealmDBManager.swift in Sources */ = {isa = PBXBuildFile; fileRef = FE8C60A81F22126700D4EF83 /* RealmDBManager.swift */; };
		FEA065511F276CE600DBE637 /* TurkishLeagueGameDetailViewController.swift in Sources */ = {isa = PBXBuildFile; fileRef = FEA065501F276CE600DBE637 /* TurkishLeagueGameDetailViewController.swift */; };
/* End PBXBuildFile section */

/* Begin PBXContainerItemProxy section */
		A5FF78CF1F0FA74F00F6E9A2 /* PBXContainerItemProxy */ = {
			isa = PBXContainerItemProxy;
			containerPortal = A5FF78B21F0FA74E00F6E9A2 /* Project object */;
			proxyType = 1;
			remoteGlobalIDString = A5FF78B91F0FA74E00F6E9A2;
			remoteInfo = "Euroleague-Graduate";
		};
		A5FF78DA1F0FA74F00F6E9A2 /* PBXContainerItemProxy */ = {
			isa = PBXContainerItemProxy;
			containerPortal = A5FF78B21F0FA74E00F6E9A2 /* Project object */;
			proxyType = 1;
			remoteGlobalIDString = A5FF78B91F0FA74E00F6E9A2;
			remoteInfo = "Euroleague-Graduate";
		};
/* End PBXContainerItemProxy section */

/* Begin PBXFileReference section */
		84DD3988E1A3253923452F18 /* Pods-Euroleague-Graduate.debug.xcconfig */ = {isa = PBXFileReference; includeInIndex = 1; lastKnownFileType = text.xcconfig; name = "Pods-Euroleague-Graduate.debug.xcconfig"; path = "Pods/Target Support Files/Pods-Euroleague-Graduate/Pods-Euroleague-Graduate.debug.xcconfig"; sourceTree = "<group>"; };
		A5FF78BA1F0FA74E00F6E9A2 /* Euroleague-Graduate.app */ = {isa = PBXFileReference; explicitFileType = wrapper.application; includeInIndex = 0; path = "Euroleague-Graduate.app"; sourceTree = BUILT_PRODUCTS_DIR; };
		A5FF78BD1F0FA74E00F6E9A2 /* AppDelegate.swift */ = {isa = PBXFileReference; lastKnownFileType = sourcecode.swift; path = AppDelegate.swift; sourceTree = "<group>"; };
		A5FF78C21F0FA74E00F6E9A2 /* Base */ = {isa = PBXFileReference; lastKnownFileType = file.storyboard; name = Base; path = Base.lproj/Main.storyboard; sourceTree = "<group>"; };
		A5FF78C41F0FA74E00F6E9A2 /* Assets.xcassets */ = {isa = PBXFileReference; lastKnownFileType = folder.assetcatalog; path = Assets.xcassets; sourceTree = "<group>"; };
		A5FF78C71F0FA74E00F6E9A2 /* Base */ = {isa = PBXFileReference; lastKnownFileType = file.storyboard; name = Base; path = Base.lproj/LaunchScreen.storyboard; sourceTree = "<group>"; };
		A5FF78C91F0FA74E00F6E9A2 /* Info.plist */ = {isa = PBXFileReference; lastKnownFileType = text.plist.xml; path = Info.plist; sourceTree = "<group>"; };
		A5FF78CE1F0FA74F00F6E9A2 /* Euroleague-GraduateTests.xctest */ = {isa = PBXFileReference; explicitFileType = wrapper.cfbundle; includeInIndex = 0; path = "Euroleague-GraduateTests.xctest"; sourceTree = BUILT_PRODUCTS_DIR; };
		A5FF78D21F0FA74F00F6E9A2 /* Euroleague_GraduateTests.swift */ = {isa = PBXFileReference; lastKnownFileType = sourcecode.swift; path = Euroleague_GraduateTests.swift; sourceTree = "<group>"; };
		A5FF78D41F0FA74F00F6E9A2 /* Info.plist */ = {isa = PBXFileReference; lastKnownFileType = text.plist.xml; path = Info.plist; sourceTree = "<group>"; };
		A5FF78D91F0FA74F00F6E9A2 /* Euroleague-GraduateUITests.xctest */ = {isa = PBXFileReference; explicitFileType = wrapper.cfbundle; includeInIndex = 0; path = "Euroleague-GraduateUITests.xctest"; sourceTree = BUILT_PRODUCTS_DIR; };
		A5FF78DD1F0FA74F00F6E9A2 /* Euroleague_GraduateUITests.swift */ = {isa = PBXFileReference; lastKnownFileType = sourcecode.swift; path = Euroleague_GraduateUITests.swift; sourceTree = "<group>"; };
		A5FF78DF1F0FA74F00F6E9A2 /* Info.plist */ = {isa = PBXFileReference; lastKnownFileType = text.plist.xml; path = Info.plist; sourceTree = "<group>"; };
		A5FF78EE1F0FA95F00F6E9A2 /* AbstractViewController.swift */ = {isa = PBXFileReference; fileEncoding = 4; lastKnownFileType = sourcecode.swift; name = AbstractViewController.swift; path = View/AbstractViewController.swift; sourceTree = "<group>"; };
		A5FF78F01F0FA9BB00F6E9A2 /* AbstractViewModel.swift */ = {isa = PBXFileReference; fileEncoding = 4; lastKnownFileType = sourcecode.swift; path = AbstractViewModel.swift; sourceTree = "<group>"; };
		B35C4F623F55A7C474F985E8 /* Pods_Euroleague_Graduate.framework */ = {isa = PBXFileReference; explicitFileType = wrapper.framework; includeInIndex = 0; path = Pods_Euroleague_Graduate.framework; sourceTree = BUILT_PRODUCTS_DIR; };
		F5B4642116FFE1367BFA93F5 /* Pods-Euroleague-Graduate.release.xcconfig */ = {isa = PBXFileReference; includeInIndex = 1; lastKnownFileType = text.xcconfig; name = "Pods-Euroleague-Graduate.release.xcconfig"; path = "Pods/Target Support Files/Pods-Euroleague-Graduate/Pods-Euroleague-Graduate.release.xcconfig"; sourceTree = "<group>"; };
		FE540CCB1F20BAD3000A75A0 /* ApiClient.swift */ = {isa = PBXFileReference; fileEncoding = 4; lastKnownFileType = sourcecode.swift; path = ApiClient.swift; sourceTree = "<group>"; };
		FE540CCD1F20BB53000A75A0 /* TurkishAirLinesGamesDataService.swift */ = {isa = PBXFileReference; fileEncoding = 4; lastKnownFileType = sourcecode.swift; path = TurkishAirLinesGamesDataService.swift; sourceTree = "<group>"; };
		FE540CCF1F20BB9F000A75A0 /* ApiResponseTest.swift */ = {isa = PBXFileReference; fileEncoding = 4; lastKnownFileType = sourcecode.swift; path = ApiResponseTest.swift; sourceTree = "<group>"; };
		FE540CD31F20CDE1000A75A0 /* GameData.swift */ = {isa = PBXFileReference; fileEncoding = 4; lastKnownFileType = sourcecode.swift; path = GameData.swift; sourceTree = SOURCE_ROOT; };
		FE6DDF871F26114400BA9FCB /* TurkishLeagueRegularSeosonTableViewController.swift */ = {isa = PBXFileReference; fileEncoding = 4; lastKnownFileType = sourcecode.swift; name = TurkishLeagueRegularSeosonTableViewController.swift; path = "Euroleague-Graduate/TurkishLeagueRegularSeosonTableViewController.swift"; sourceTree = SOURCE_ROOT; };
		FE6DDF891F2611A800BA9FCB /* TurkishLeaguePOTableViewController.swift */ = {isa = PBXFileReference; fileEncoding = 4; lastKnownFileType = sourcecode.swift; name = TurkishLeaguePOTableViewController.swift; path = View/TurkishLeaguePOTableViewController.swift; sourceTree = "<group>"; };
		FE6DDF8B1F2611C800BA9FCB /* TurkishLeagueFFTableViewController.swift */ = {isa = PBXFileReference; fileEncoding = 4; lastKnownFileType = sourcecode.swift; name = TurkishLeagueFFTableViewController.swift; path = View/TurkishLeagueFFTableViewController.swift; sourceTree = "<group>"; };
		FE6DDF8E1F26148D00BA9FCB /* TurkishLeagueViewModel.swift */ = {isa = PBXFileReference; fileEncoding = 4; lastKnownFileType = sourcecode.swift; path = TurkishLeagueViewModel.swift; sourceTree = "<group>"; };
		FE6DDF901F2623AC00BA9FCB /* TurkishLeagueTableViewCell.swift */ = {isa = PBXFileReference; fileEncoding = 4; lastKnownFileType = sourcecode.swift; path = TurkishLeagueTableViewCell.swift; sourceTree = "<group>"; };
		FE6DDF951F26252700BA9FCB /* TurkishLeagueTableCell.xib */ = {isa = PBXFileReference; fileEncoding = 4; lastKnownFileType = file.xib; path = TurkishLeagueTableCell.xib; sourceTree = "<group>"; };
		FE8C60A81F22126700D4EF83 /* RealmDBManager.swift */ = {isa = PBXFileReference; fileEncoding = 4; lastKnownFileType = sourcecode.swift; path = RealmDBManager.swift; sourceTree = "<group>"; };
		FEA065501F276CE600DBE637 /* TurkishLeagueGameDetailViewController.swift */ = {isa = PBXFileReference; fileEncoding = 4; lastKnownFileType = sourcecode.swift; path = TurkishLeagueGameDetailViewController.swift; sourceTree = "<group>"; };
/* End PBXFileReference section */

/* Begin PBXFrameworksBuildPhase section */
		A5FF78B71F0FA74E00F6E9A2 /* Frameworks */ = {
			isa = PBXFrameworksBuildPhase;
			buildActionMask = 2147483647;
			files = (
				E49A004AC4F45BE0AEFD1C45 /* Pods_Euroleague_Graduate.framework in Frameworks */,
			);
			runOnlyForDeploymentPostprocessing = 0;
		};
		A5FF78CB1F0FA74F00F6E9A2 /* Frameworks */ = {
			isa = PBXFrameworksBuildPhase;
			buildActionMask = 2147483647;
			files = (
			);
			runOnlyForDeploymentPostprocessing = 0;
		};
		A5FF78D61F0FA74F00F6E9A2 /* Frameworks */ = {
			isa = PBXFrameworksBuildPhase;
			buildActionMask = 2147483647;
			files = (
			);
			runOnlyForDeploymentPostprocessing = 0;
		};
/* End PBXFrameworksBuildPhase section */

/* Begin PBXGroup section */
		1F7585AAF8E93D9DFE965A50 /* Frameworks */ = {
			isa = PBXGroup;
			children = (
				B35C4F623F55A7C474F985E8 /* Pods_Euroleague_Graduate.framework */,
			);
			name = Frameworks;
			sourceTree = "<group>";
		};
		A5FF78B11F0FA74E00F6E9A2 = {
			isa = PBXGroup;
			children = (
				A5FF78BC1F0FA74E00F6E9A2 /* Euroleague-Graduate */,
				A5FF78D11F0FA74F00F6E9A2 /* Euroleague-GraduateTests */,
				A5FF78DC1F0FA74F00F6E9A2 /* Euroleague-GraduateUITests */,
				A5FF78BB1F0FA74E00F6E9A2 /* Products */,
				B0044547603B0E65E16F43EC /* Pods */,
				1F7585AAF8E93D9DFE965A50 /* Frameworks */,
			);
			sourceTree = "<group>";
		};
		A5FF78BB1F0FA74E00F6E9A2 /* Products */ = {
			isa = PBXGroup;
			children = (
				A5FF78BA1F0FA74E00F6E9A2 /* Euroleague-Graduate.app */,
				A5FF78CE1F0FA74F00F6E9A2 /* Euroleague-GraduateTests.xctest */,
				A5FF78D91F0FA74F00F6E9A2 /* Euroleague-GraduateUITests.xctest */,
			);
			name = Products;
			sourceTree = "<group>";
		};
		A5FF78BC1F0FA74E00F6E9A2 /* Euroleague-Graduate */ = {
			isa = PBXGroup;
			children = (
				FE6DDF921F2624B100BA9FCB /* Helpers */,
				FE540CD61F20EC37000A75A0 /* Services */,
				FE6DDF8D1F2611DA00BA9FCB /* ViewControllers */,
				A5FF78EC1F0FA95F00F6E9A2 /* ViewModels */,
				A5FF78EB1F0FA95F00F6E9A2 /* Models */,
				A5FF78BD1F0FA74E00F6E9A2 /* AppDelegate.swift */,
				A5FF78C11F0FA74E00F6E9A2 /* Main.storyboard */,
				A5FF78C41F0FA74E00F6E9A2 /* Assets.xcassets */,
				A5FF78C61F0FA74E00F6E9A2 /* LaunchScreen.storyboard */,
				A5FF78C91F0FA74E00F6E9A2 /* Info.plist */,
			);
			path = "Euroleague-Graduate";
			sourceTree = "<group>";
		};
		A5FF78D11F0FA74F00F6E9A2 /* Euroleague-GraduateTests */ = {
			isa = PBXGroup;
			children = (
				FE540CCF1F20BB9F000A75A0 /* ApiResponseTest.swift */,
				A5FF78D21F0FA74F00F6E9A2 /* Euroleague_GraduateTests.swift */,
				A5FF78D41F0FA74F00F6E9A2 /* Info.plist */,
			);
			path = "Euroleague-GraduateTests";
			sourceTree = "<group>";
		};
		A5FF78DC1F0FA74F00F6E9A2 /* Euroleague-GraduateUITests */ = {
			isa = PBXGroup;
			children = (
				A5FF78DD1F0FA74F00F6E9A2 /* Euroleague_GraduateUITests.swift */,
				A5FF78DF1F0FA74F00F6E9A2 /* Info.plist */,
			);
			path = "Euroleague-GraduateUITests";
			sourceTree = "<group>";
		};
		A5FF78EB1F0FA95F00F6E9A2 /* Models */ = {
			isa = PBXGroup;
			children = (
				FE540CD31F20CDE1000A75A0 /* GameData.swift */,
			);
			name = Models;
			path = Model;
			sourceTree = "<group>";
		};
		A5FF78EC1F0FA95F00F6E9A2 /* ViewModels */ = {
			isa = PBXGroup;
			children = (
				A5FF78F01F0FA9BB00F6E9A2 /* AbstractViewModel.swift */,
				FE6DDF8E1F26148D00BA9FCB /* TurkishLeagueViewModel.swift */,
			);
			name = ViewModels;
			path = ModelView;
			sourceTree = "<group>";
		};
		B0044547603B0E65E16F43EC /* Pods */ = {
			isa = PBXGroup;
			children = (
				84DD3988E1A3253923452F18 /* Pods-Euroleague-Graduate.debug.xcconfig */,
				F5B4642116FFE1367BFA93F5 /* Pods-Euroleague-Graduate.release.xcconfig */,
			);
			name = Pods;
			sourceTree = "<group>";
		};
		FE540CD61F20EC37000A75A0 /* Services */ = {
			isa = PBXGroup;
			children = (
				FE540CCB1F20BAD3000A75A0 /* ApiClient.swift */,
				FE540CCD1F20BB53000A75A0 /* TurkishAirLinesGamesDataService.swift */,
			);
			name = Services;
			sourceTree = "<group>";
		};
		FE6DDF8D1F2611DA00BA9FCB /* ViewControllers */ = {
			isa = PBXGroup;
			children = (
				A5FF78EE1F0FA95F00F6E9A2 /* AbstractViewController.swift */,
				FE6DDF871F26114400BA9FCB /* TurkishLeagueRegularSeosonTableViewController.swift */,
				FE6DDF891F2611A800BA9FCB /* TurkishLeaguePOTableViewController.swift */,
				FE6DDF8B1F2611C800BA9FCB /* TurkishLeagueFFTableViewController.swift */,
				FEA065501F276CE600DBE637 /* TurkishLeagueGameDetailViewController.swift */,
			);
			name = ViewControllers;
			sourceTree = "<group>";
		};
		FE6DDF921F2624B100BA9FCB /* Helpers */ = {
			isa = PBXGroup;
			children = (
				FE8C60A81F22126700D4EF83 /* RealmDBManager.swift */,
				FE6DDF901F2623AC00BA9FCB /* TurkishLeagueTableViewCell.swift */,
				FE6DDF951F26252700BA9FCB /* TurkishLeagueTableCell.xib */,
			);
			name = Helpers;
			sourceTree = "<group>";
		};
/* End PBXGroup section */

/* Begin PBXNativeTarget section */
		A5FF78B91F0FA74E00F6E9A2 /* Euroleague-Graduate */ = {
			isa = PBXNativeTarget;
			buildConfigurationList = A5FF78E21F0FA74F00F6E9A2 /* Build configuration list for PBXNativeTarget "Euroleague-Graduate" */;
			buildPhases = (
				7288BFD380BBD698D163872B /* [CP] Check Pods Manifest.lock */,
				A5FF78B61F0FA74E00F6E9A2 /* Sources */,
				A5FF78B71F0FA74E00F6E9A2 /* Frameworks */,
				A5FF78B81F0FA74E00F6E9A2 /* Resources */,
				8E8817FA5ADF949E3C2C264B /* [CP] Embed Pods Frameworks */,
				0AF6EFE00122B782882ED4BF /* [CP] Copy Pods Resources */,
			);
			buildRules = (
			);
			dependencies = (
			);
			name = "Euroleague-Graduate";
			productName = "Euroleague-Graduate";
			productReference = A5FF78BA1F0FA74E00F6E9A2 /* Euroleague-Graduate.app */;
			productType = "com.apple.product-type.application";
		};
		A5FF78CD1F0FA74F00F6E9A2 /* Euroleague-GraduateTests */ = {
			isa = PBXNativeTarget;
			buildConfigurationList = A5FF78E51F0FA74F00F6E9A2 /* Build configuration list for PBXNativeTarget "Euroleague-GraduateTests" */;
			buildPhases = (
				A5FF78CA1F0FA74F00F6E9A2 /* Sources */,
				A5FF78CB1F0FA74F00F6E9A2 /* Frameworks */,
				A5FF78CC1F0FA74F00F6E9A2 /* Resources */,
			);
			buildRules = (
			);
			dependencies = (
				A5FF78D01F0FA74F00F6E9A2 /* PBXTargetDependency */,
			);
			name = "Euroleague-GraduateTests";
			productName = "Euroleague-GraduateTests";
			productReference = A5FF78CE1F0FA74F00F6E9A2 /* Euroleague-GraduateTests.xctest */;
			productType = "com.apple.product-type.bundle.unit-test";
		};
		A5FF78D81F0FA74F00F6E9A2 /* Euroleague-GraduateUITests */ = {
			isa = PBXNativeTarget;
			buildConfigurationList = A5FF78E81F0FA74F00F6E9A2 /* Build configuration list for PBXNativeTarget "Euroleague-GraduateUITests" */;
			buildPhases = (
				A5FF78D51F0FA74F00F6E9A2 /* Sources */,
				A5FF78D61F0FA74F00F6E9A2 /* Frameworks */,
				A5FF78D71F0FA74F00F6E9A2 /* Resources */,
			);
			buildRules = (
			);
			dependencies = (
				A5FF78DB1F0FA74F00F6E9A2 /* PBXTargetDependency */,
			);
			name = "Euroleague-GraduateUITests";
			productName = "Euroleague-GraduateUITests";
			productReference = A5FF78D91F0FA74F00F6E9A2 /* Euroleague-GraduateUITests.xctest */;
			productType = "com.apple.product-type.bundle.ui-testing";
		};
/* End PBXNativeTarget section */

/* Begin PBXProject section */
		A5FF78B21F0FA74E00F6E9A2 /* Project object */ = {
			isa = PBXProject;
			attributes = {
				LastSwiftUpdateCheck = 0820;
				LastUpgradeCheck = 0820;
				ORGANIZATIONNAME = Modeso;
				TargetAttributes = {
					A5FF78B91F0FA74E00F6E9A2 = {
						CreatedOnToolsVersion = 8.2.1;
						DevelopmentTeam = XP9UK5V4RA;
						ProvisioningStyle = Automatic;
					};
					A5FF78CD1F0FA74F00F6E9A2 = {
						CreatedOnToolsVersion = 8.2.1;
						DevelopmentTeam = XP9UK5V4RA;
						ProvisioningStyle = Automatic;
						TestTargetID = A5FF78B91F0FA74E00F6E9A2;
					};
					A5FF78D81F0FA74F00F6E9A2 = {
						CreatedOnToolsVersion = 8.2.1;
						DevelopmentTeam = XP9UK5V4RA;
						ProvisioningStyle = Automatic;
						TestTargetID = A5FF78B91F0FA74E00F6E9A2;
					};
				};
			};
			buildConfigurationList = A5FF78B51F0FA74E00F6E9A2 /* Build configuration list for PBXProject "Euroleague-Graduate" */;
			compatibilityVersion = "Xcode 3.2";
			developmentRegion = English;
			hasScannedForEncodings = 0;
			knownRegions = (
				en,
				Base,
			);
			mainGroup = A5FF78B11F0FA74E00F6E9A2;
			productRefGroup = A5FF78BB1F0FA74E00F6E9A2 /* Products */;
			projectDirPath = "";
			projectRoot = "";
			targets = (
				A5FF78B91F0FA74E00F6E9A2 /* Euroleague-Graduate */,
				A5FF78CD1F0FA74F00F6E9A2 /* Euroleague-GraduateTests */,
				A5FF78D81F0FA74F00F6E9A2 /* Euroleague-GraduateUITests */,
			);
		};
/* End PBXProject section */

/* Begin PBXResourcesBuildPhase section */
		A5FF78B81F0FA74E00F6E9A2 /* Resources */ = {
			isa = PBXResourcesBuildPhase;
			buildActionMask = 2147483647;
			files = (
				FE6DDF961F26252700BA9FCB /* TurkishLeagueTableCell.xib in Resources */,
				A5FF78C81F0FA74E00F6E9A2 /* LaunchScreen.storyboard in Resources */,
				A5FF78C51F0FA74E00F6E9A2 /* Assets.xcassets in Resources */,
				A5FF78C31F0FA74E00F6E9A2 /* Main.storyboard in Resources */,
			);
			runOnlyForDeploymentPostprocessing = 0;
		};
		A5FF78CC1F0FA74F00F6E9A2 /* Resources */ = {
			isa = PBXResourcesBuildPhase;
			buildActionMask = 2147483647;
			files = (
			);
			runOnlyForDeploymentPostprocessing = 0;
		};
		A5FF78D71F0FA74F00F6E9A2 /* Resources */ = {
			isa = PBXResourcesBuildPhase;
			buildActionMask = 2147483647;
			files = (
			);
			runOnlyForDeploymentPostprocessing = 0;
		};
/* End PBXResourcesBuildPhase section */

/* Begin PBXShellScriptBuildPhase section */
		0AF6EFE00122B782882ED4BF /* [CP] Copy Pods Resources */ = {
			isa = PBXShellScriptBuildPhase;
			buildActionMask = 2147483647;
			files = (
			);
			inputPaths = (
			);
			name = "[CP] Copy Pods Resources";
			outputPaths = (
			);
			runOnlyForDeploymentPostprocessing = 0;
			shellPath = /bin/sh;
			shellScript = "\"${SRCROOT}/Pods/Target Support Files/Pods-Euroleague-Graduate/Pods-Euroleague-Graduate-resources.sh\"\n";
			showEnvVarsInLog = 0;
		};
		7288BFD380BBD698D163872B /* [CP] Check Pods Manifest.lock */ = {
			isa = PBXShellScriptBuildPhase;
			buildActionMask = 2147483647;
			files = (
			);
			inputPaths = (
			);
			name = "[CP] Check Pods Manifest.lock";
			outputPaths = (
			);
			runOnlyForDeploymentPostprocessing = 0;
			shellPath = /bin/sh;
			shellScript = "diff \"${PODS_PODFILE_DIR_PATH}/Podfile.lock\" \"${PODS_ROOT}/Manifest.lock\" > /dev/null\nif [ $? != 0 ] ; then\n    # print error to STDERR\n    echo \"error: The sandbox is not in sync with the Podfile.lock. Run 'pod install' or update your CocoaPods installation.\" >&2\n    exit 1\nfi\n";
			showEnvVarsInLog = 0;
		};
		8E8817FA5ADF949E3C2C264B /* [CP] Embed Pods Frameworks */ = {
			isa = PBXShellScriptBuildPhase;
			buildActionMask = 2147483647;
			files = (
			);
			inputPaths = (
			);
			name = "[CP] Embed Pods Frameworks";
			outputPaths = (
			);
			runOnlyForDeploymentPostprocessing = 0;
			shellPath = /bin/sh;
			shellScript = "\"${SRCROOT}/Pods/Target Support Files/Pods-Euroleague-Graduate/Pods-Euroleague-Graduate-frameworks.sh\"\n";
			showEnvVarsInLog = 0;
		};
/* End PBXShellScriptBuildPhase section */

/* Begin PBXSourcesBuildPhase section */
		A5FF78B61F0FA74E00F6E9A2 /* Sources */ = {
			isa = PBXSourcesBuildPhase;
			buildActionMask = 2147483647;
			files = (
				A5FF78EF1F0FA95F00F6E9A2 /* AbstractViewController.swift in Sources */,
				FEA065511F276CE600DBE637 /* TurkishLeagueGameDetailViewController.swift in Sources */,
				FE540CD41F20CDE1000A75A0 /* GameData.swift in Sources */,
				A5FF78F11F0FA9BB00F6E9A2 /* AbstractViewModel.swift in Sources */,
				FE6DDF881F26114400BA9FCB /* TurkishLeagueRegularSeosonTableViewController.swift in Sources */,
				A5FF78BE1F0FA74E00F6E9A2 /* AppDelegate.swift in Sources */,
				FE540CCC1F20BAD3000A75A0 /* ApiClient.swift in Sources */,
				FE6DDF911F2623AC00BA9FCB /* TurkishLeagueTableViewCell.swift in Sources */,
				FE6DDF8A1F2611A800BA9FCB /* TurkishLeaguePOTableViewController.swift in Sources */,
				FE6DDF8F1F26148D00BA9FCB /* TurkishLeagueViewModel.swift in Sources */,
				FE8C60A91F22126700D4EF83 /* RealmDBManager.swift in Sources */,
				FE540CCE1F20BB53000A75A0 /* TurkishAirLinesGamesDataService.swift in Sources */,
				FE6DDF8C1F2611C800BA9FCB /* TurkishLeagueFFTableViewController.swift in Sources */,
			);
			runOnlyForDeploymentPostprocessing = 0;
		};
		A5FF78CA1F0FA74F00F6E9A2 /* Sources */ = {
			isa = PBXSourcesBuildPhase;
			buildActionMask = 2147483647;
			files = (
				A5FF78D31F0FA74F00F6E9A2 /* Euroleague_GraduateTests.swift in Sources */,
				FE540CD01F20BB9F000A75A0 /* ApiResponseTest.swift in Sources */,
			);
			runOnlyForDeploymentPostprocessing = 0;
		};
		A5FF78D51F0FA74F00F6E9A2 /* Sources */ = {
			isa = PBXSourcesBuildPhase;
			buildActionMask = 2147483647;
			files = (
				A5FF78DE1F0FA74F00F6E9A2 /* Euroleague_GraduateUITests.swift in Sources */,
			);
			runOnlyForDeploymentPostprocessing = 0;
		};
/* End PBXSourcesBuildPhase section */

/* Begin PBXTargetDependency section */
		A5FF78D01F0FA74F00F6E9A2 /* PBXTargetDependency */ = {
			isa = PBXTargetDependency;
			target = A5FF78B91F0FA74E00F6E9A2 /* Euroleague-Graduate */;
			targetProxy = A5FF78CF1F0FA74F00F6E9A2 /* PBXContainerItemProxy */;
		};
		A5FF78DB1F0FA74F00F6E9A2 /* PBXTargetDependency */ = {
			isa = PBXTargetDependency;
			target = A5FF78B91F0FA74E00F6E9A2 /* Euroleague-Graduate */;
			targetProxy = A5FF78DA1F0FA74F00F6E9A2 /* PBXContainerItemProxy */;
		};
/* End PBXTargetDependency section */

/* Begin PBXVariantGroup section */
		A5FF78C11F0FA74E00F6E9A2 /* Main.storyboard */ = {
			isa = PBXVariantGroup;
			children = (
				A5FF78C21F0FA74E00F6E9A2 /* Base */,
			);
			name = Main.storyboard;
			sourceTree = "<group>";
		};
		A5FF78C61F0FA74E00F6E9A2 /* LaunchScreen.storyboard */ = {
			isa = PBXVariantGroup;
			children = (
				A5FF78C71F0FA74E00F6E9A2 /* Base */,
			);
			name = LaunchScreen.storyboard;
			sourceTree = "<group>";
		};
/* End PBXVariantGroup section */

/* Begin XCBuildConfiguration section */
		A5FF78E01F0FA74F00F6E9A2 /* Debug */ = {
			isa = XCBuildConfiguration;
			buildSettings = {
				ALWAYS_SEARCH_USER_PATHS = NO;
				CLANG_ANALYZER_NONNULL = YES;
				CLANG_CXX_LANGUAGE_STANDARD = "gnu++0x";
				CLANG_CXX_LIBRARY = "libc++";
				CLANG_ENABLE_MODULES = YES;
				CLANG_ENABLE_OBJC_ARC = YES;
				CLANG_WARN_BOOL_CONVERSION = YES;
				CLANG_WARN_CONSTANT_CONVERSION = YES;
				CLANG_WARN_DIRECT_OBJC_ISA_USAGE = YES_ERROR;
				CLANG_WARN_DOCUMENTATION_COMMENTS = YES;
				CLANG_WARN_EMPTY_BODY = YES;
				CLANG_WARN_ENUM_CONVERSION = YES;
				CLANG_WARN_INFINITE_RECURSION = YES;
				CLANG_WARN_INT_CONVERSION = YES;
				CLANG_WARN_OBJC_ROOT_CLASS = YES_ERROR;
				CLANG_WARN_SUSPICIOUS_MOVE = YES;
				CLANG_WARN_UNREACHABLE_CODE = YES;
				CLANG_WARN__DUPLICATE_METHOD_MATCH = YES;
				"CODE_SIGN_IDENTITY[sdk=iphoneos*]" = "iPhone Developer";
				COPY_PHASE_STRIP = NO;
				DEBUG_INFORMATION_FORMAT = dwarf;
				ENABLE_STRICT_OBJC_MSGSEND = YES;
				ENABLE_TESTABILITY = YES;
				GCC_C_LANGUAGE_STANDARD = gnu99;
				GCC_DYNAMIC_NO_PIC = NO;
				GCC_NO_COMMON_BLOCKS = YES;
				GCC_OPTIMIZATION_LEVEL = 0;
				GCC_PREPROCESSOR_DEFINITIONS = (
					"DEBUG=1",
					"$(inherited)",
				);
				GCC_WARN_64_TO_32_BIT_CONVERSION = YES;
				GCC_WARN_ABOUT_RETURN_TYPE = YES_ERROR;
				GCC_WARN_UNDECLARED_SELECTOR = YES;
				GCC_WARN_UNINITIALIZED_AUTOS = YES_AGGRESSIVE;
				GCC_WARN_UNUSED_FUNCTION = YES;
				GCC_WARN_UNUSED_VARIABLE = YES;
				IPHONEOS_DEPLOYMENT_TARGET = 10.2;
				MTL_ENABLE_DEBUG_INFO = YES;
				ONLY_ACTIVE_ARCH = YES;
				SDKROOT = iphoneos;
				SWIFT_ACTIVE_COMPILATION_CONDITIONS = DEBUG;
				SWIFT_OPTIMIZATION_LEVEL = "-Onone";
			};
			name = Debug;
		};
		A5FF78E11F0FA74F00F6E9A2 /* Release */ = {
			isa = XCBuildConfiguration;
			buildSettings = {
				ALWAYS_SEARCH_USER_PATHS = NO;
				CLANG_ANALYZER_NONNULL = YES;
				CLANG_CXX_LANGUAGE_STANDARD = "gnu++0x";
				CLANG_CXX_LIBRARY = "libc++";
				CLANG_ENABLE_MODULES = YES;
				CLANG_ENABLE_OBJC_ARC = YES;
				CLANG_WARN_BOOL_CONVERSION = YES;
				CLANG_WARN_CONSTANT_CONVERSION = YES;
				CLANG_WARN_DIRECT_OBJC_ISA_USAGE = YES_ERROR;
				CLANG_WARN_DOCUMENTATION_COMMENTS = YES;
				CLANG_WARN_EMPTY_BODY = YES;
				CLANG_WARN_ENUM_CONVERSION = YES;
				CLANG_WARN_INFINITE_RECURSION = YES;
				CLANG_WARN_INT_CONVERSION = YES;
				CLANG_WARN_OBJC_ROOT_CLASS = YES_ERROR;
				CLANG_WARN_SUSPICIOUS_MOVE = YES;
				CLANG_WARN_UNREACHABLE_CODE = YES;
				CLANG_WARN__DUPLICATE_METHOD_MATCH = YES;
				"CODE_SIGN_IDENTITY[sdk=iphoneos*]" = "iPhone Developer";
				COPY_PHASE_STRIP = NO;
				DEBUG_INFORMATION_FORMAT = "dwarf-with-dsym";
				ENABLE_NS_ASSERTIONS = NO;
				ENABLE_STRICT_OBJC_MSGSEND = YES;
				GCC_C_LANGUAGE_STANDARD = gnu99;
				GCC_NO_COMMON_BLOCKS = YES;
				GCC_WARN_64_TO_32_BIT_CONVERSION = YES;
				GCC_WARN_ABOUT_RETURN_TYPE = YES_ERROR;
				GCC_WARN_UNDECLARED_SELECTOR = YES;
				GCC_WARN_UNINITIALIZED_AUTOS = YES_AGGRESSIVE;
				GCC_WARN_UNUSED_FUNCTION = YES;
				GCC_WARN_UNUSED_VARIABLE = YES;
				IPHONEOS_DEPLOYMENT_TARGET = 10.2;
				MTL_ENABLE_DEBUG_INFO = NO;
				SDKROOT = iphoneos;
				SWIFT_OPTIMIZATION_LEVEL = "-Owholemodule";
				VALIDATE_PRODUCT = YES;
			};
			name = Release;
		};
		A5FF78E31F0FA74F00F6E9A2 /* Debug */ = {
			isa = XCBuildConfiguration;
			baseConfigurationReference = 84DD3988E1A3253923452F18 /* Pods-Euroleague-Graduate.debug.xcconfig */;
			buildSettings = {
				ASSETCATALOG_COMPILER_APPICON_NAME = AppIcon;
				DEVELOPMENT_TEAM = XP9UK5V4RA;
				INFOPLIST_FILE = "Euroleague-Graduate/Info.plist";
				LD_RUNPATH_SEARCH_PATHS = "$(inherited) @executable_path/Frameworks";
				PRODUCT_BUNDLE_IDENTIFIER = "com.Modeso.Euroleague-Graduate";
				PRODUCT_NAME = "$(TARGET_NAME)";
				SWIFT_VERSION = 3.0;
			};
			name = Debug;
		};
		A5FF78E41F0FA74F00F6E9A2 /* Release */ = {
			isa = XCBuildConfiguration;
			baseConfigurationReference = F5B4642116FFE1367BFA93F5 /* Pods-Euroleague-Graduate.release.xcconfig */;
			buildSettings = {
				ASSETCATALOG_COMPILER_APPICON_NAME = AppIcon;
				DEVELOPMENT_TEAM = XP9UK5V4RA;
				INFOPLIST_FILE = "Euroleague-Graduate/Info.plist";
				LD_RUNPATH_SEARCH_PATHS = "$(inherited) @executable_path/Frameworks";
				PRODUCT_BUNDLE_IDENTIFIER = "com.Modeso.Euroleague-Graduate";
				PRODUCT_NAME = "$(TARGET_NAME)";
				SWIFT_VERSION = 3.0;
			};
			name = Release;
		};
		A5FF78E61F0FA74F00F6E9A2 /* Debug */ = {
			isa = XCBuildConfiguration;
			buildSettings = {
				ALWAYS_EMBED_SWIFT_STANDARD_LIBRARIES = YES;
				BUNDLE_LOADER = "$(TEST_HOST)";
				DEVELOPMENT_TEAM = XP9UK5V4RA;
				INFOPLIST_FILE = "Euroleague-GraduateTests/Info.plist";
				LD_RUNPATH_SEARCH_PATHS = "$(inherited) @executable_path/Frameworks @loader_path/Frameworks";
				PRODUCT_BUNDLE_IDENTIFIER = "com.Modeso.Euroleague-GraduateTests";
				PRODUCT_NAME = "$(TARGET_NAME)";
				SWIFT_VERSION = 3.0;
				TEST_HOST = "$(BUILT_PRODUCTS_DIR)/Euroleague-Graduate.app/Euroleague-Graduate";
			};
			name = Debug;
		};
		A5FF78E71F0FA74F00F6E9A2 /* Release */ = {
			isa = XCBuildConfiguration;
			buildSettings = {
				ALWAYS_EMBED_SWIFT_STANDARD_LIBRARIES = YES;
				BUNDLE_LOADER = "$(TEST_HOST)";
				DEVELOPMENT_TEAM = XP9UK5V4RA;
				INFOPLIST_FILE = "Euroleague-GraduateTests/Info.plist";
				LD_RUNPATH_SEARCH_PATHS = "$(inherited) @executable_path/Frameworks @loader_path/Frameworks";
				PRODUCT_BUNDLE_IDENTIFIER = "com.Modeso.Euroleague-GraduateTests";
				PRODUCT_NAME = "$(TARGET_NAME)";
				SWIFT_VERSION = 3.0;
				TEST_HOST = "$(BUILT_PRODUCTS_DIR)/Euroleague-Graduate.app/Euroleague-Graduate";
			};
			name = Release;
		};
		A5FF78E91F0FA74F00F6E9A2 /* Debug */ = {
			isa = XCBuildConfiguration;
			buildSettings = {
				ALWAYS_EMBED_SWIFT_STANDARD_LIBRARIES = YES;
				DEVELOPMENT_TEAM = XP9UK5V4RA;
				INFOPLIST_FILE = "Euroleague-GraduateUITests/Info.plist";
				LD_RUNPATH_SEARCH_PATHS = "$(inherited) @executable_path/Frameworks @loader_path/Frameworks";
				PRODUCT_BUNDLE_IDENTIFIER = "com.Modeso.Euroleague-GraduateUITests";
				PRODUCT_NAME = "$(TARGET_NAME)";
				SWIFT_VERSION = 3.0;
				TEST_TARGET_NAME = "Euroleague-Graduate";
			};
			name = Debug;
		};
		A5FF78EA1F0FA74F00F6E9A2 /* Release */ = {
			isa = XCBuildConfiguration;
			buildSettings = {
				ALWAYS_EMBED_SWIFT_STANDARD_LIBRARIES = YES;
				DEVELOPMENT_TEAM = XP9UK5V4RA;
				INFOPLIST_FILE = "Euroleague-GraduateUITests/Info.plist";
				LD_RUNPATH_SEARCH_PATHS = "$(inherited) @executable_path/Frameworks @loader_path/Frameworks";
				PRODUCT_BUNDLE_IDENTIFIER = "com.Modeso.Euroleague-GraduateUITests";
				PRODUCT_NAME = "$(TARGET_NAME)";
				SWIFT_VERSION = 3.0;
				TEST_TARGET_NAME = "Euroleague-Graduate";
			};
			name = Release;
		};
/* End XCBuildConfiguration section */

/* Begin XCConfigurationList section */
		A5FF78B51F0FA74E00F6E9A2 /* Build configuration list for PBXProject "Euroleague-Graduate" */ = {
			isa = XCConfigurationList;
			buildConfigurations = (
				A5FF78E01F0FA74F00F6E9A2 /* Debug */,
				A5FF78E11F0FA74F00F6E9A2 /* Release */,
			);
			defaultConfigurationIsVisible = 0;
			defaultConfigurationName = Release;
		};
		A5FF78E21F0FA74F00F6E9A2 /* Build configuration list for PBXNativeTarget "Euroleague-Graduate" */ = {
			isa = XCConfigurationList;
			buildConfigurations = (
				A5FF78E31F0FA74F00F6E9A2 /* Debug */,
				A5FF78E41F0FA74F00F6E9A2 /* Release */,
			);
			defaultConfigurationIsVisible = 0;
			defaultConfigurationName = Release;
		};
		A5FF78E51F0FA74F00F6E9A2 /* Build configuration list for PBXNativeTarget "Euroleague-GraduateTests" */ = {
			isa = XCConfigurationList;
			buildConfigurations = (
				A5FF78E61F0FA74F00F6E9A2 /* Debug */,
				A5FF78E71F0FA74F00F6E9A2 /* Release */,
			);
			defaultConfigurationIsVisible = 0;
			defaultConfigurationName = Release;
		};
		A5FF78E81F0FA74F00F6E9A2 /* Build configuration list for PBXNativeTarget "Euroleague-GraduateUITests" */ = {
			isa = XCConfigurationList;
			buildConfigurations = (
				A5FF78E91F0FA74F00F6E9A2 /* Debug */,
				A5FF78EA1F0FA74F00F6E9A2 /* Release */,
			);
			defaultConfigurationIsVisible = 0;
			defaultConfigurationName = Release;
		};
/* End XCConfigurationList section */
	};
	rootObject = A5FF78B21F0FA74E00F6E9A2 /* Project object */;
}
