// !$*UTF8*$!
{
	archiveVersion = 1;
	classes = {
	};
	objectVersion = 46;
	objects = {

/* Begin PBXBuildFile section */
		21B65997F6810985B3D10E68 /* Pods_Euroleague_GraduateTests.framework in Frameworks */ = {isa = PBXBuildFile; fileRef = 2133CAC12D79C13C3D42C93D /* Pods_Euroleague_GraduateTests.framework */; };
		A5FF78BE1F0FA74E00F6E9A2 /* AppDelegate.swift in Sources */ = {isa = PBXBuildFile; fileRef = A5FF78BD1F0FA74E00F6E9A2 /* AppDelegate.swift */; };
		A5FF78C31F0FA74E00F6E9A2 /* Main.storyboard in Resources */ = {isa = PBXBuildFile; fileRef = A5FF78C11F0FA74E00F6E9A2 /* Main.storyboard */; };
		A5FF78C51F0FA74E00F6E9A2 /* Assets.xcassets in Resources */ = {isa = PBXBuildFile; fileRef = A5FF78C41F0FA74E00F6E9A2 /* Assets.xcassets */; };
		A5FF78C81F0FA74E00F6E9A2 /* LaunchScreen.storyboard in Resources */ = {isa = PBXBuildFile; fileRef = A5FF78C61F0FA74E00F6E9A2 /* LaunchScreen.storyboard */; };
		A5FF78D31F0FA74F00F6E9A2 /* Euroleague_GraduateTests.swift in Sources */ = {isa = PBXBuildFile; fileRef = A5FF78D21F0FA74F00F6E9A2 /* Euroleague_GraduateTests.swift */; };
		A5FF78DE1F0FA74F00F6E9A2 /* Euroleague_GraduateUITests.swift in Sources */ = {isa = PBXBuildFile; fileRef = A5FF78DD1F0FA74F00F6E9A2 /* Euroleague_GraduateUITests.swift */; };
		E49A004AC4F45BE0AEFD1C45 /* Pods_Euroleague_Graduate.framework in Frameworks */ = {isa = PBXBuildFile; fileRef = B35C4F623F55A7C474F985E8 /* Pods_Euroleague_Graduate.framework */; };
		FE3324891F4599C200DB345E /* GameBoxScoreViewController.swift in Sources */ = {isa = PBXBuildFile; fileRef = FE3324881F4599C200DB345E /* GameBoxScoreViewController.swift */; };
		FE33248B1F45B18B00DB345E /* BoxScoreViewModel.swift in Sources */ = {isa = PBXBuildFile; fileRef = FE33248A1F45B18B00DB345E /* BoxScoreViewModel.swift */; };
		FE33248D1F45B19800DB345E /* EBSGameDetailsClubInfo.swift in Sources */ = {isa = PBXBuildFile; fileRef = FE33248C1F45B19800DB345E /* EBSGameDetailsClubInfo.swift */; };
		FE33248F1F45C30D00DB345E /* BoxScoreQuarterCollectionViewCell.swift in Sources */ = {isa = PBXBuildFile; fileRef = FE33248E1F45C30D00DB345E /* BoxScoreQuarterCollectionViewCell.swift */; };
		FE3324911F45C32800DB345E /* BoxScoreMVPTableViewCell.swift in Sources */ = {isa = PBXBuildFile; fileRef = FE3324901F45C32800DB345E /* BoxScoreMVPTableViewCell.swift */; };
		FE368CB01F33453B006963C8 /* RostersTableViewController.swift in Sources */ = {isa = PBXBuildFile; fileRef = FE368CAF1F33453B006963C8 /* RostersTableViewController.swift */; };
		FE5264921F348EBA00E62A58 /* PlayersTableViewCell.swift in Sources */ = {isa = PBXBuildFile; fileRef = FE5264911F348EBA00E62A58 /* PlayersTableViewCell.swift */; };
		FE5264941F34951C00E62A58 /* EuroLeagueNavigationController.swift in Sources */ = {isa = PBXBuildFile; fileRef = FE5264931F34951C00E62A58 /* EuroLeagueNavigationController.swift */; };
		FE5264961F34AA3900E62A58 /* Colors.swift in Sources */ = {isa = PBXBuildFile; fileRef = FE5264951F34AA3900E62A58 /* Colors.swift */; };
		FE5264991F34AB1C00E62A58 /* TurkishLeaguePlayerViewModel.swift in Sources */ = {isa = PBXBuildFile; fileRef = FE5264981F34AB1C00E62A58 /* TurkishLeaguePlayerViewModel.swift */; };
		FE52649B1F34ACA500E62A58 /* TurkishLeaguePlayersDataService.swift in Sources */ = {isa = PBXBuildFile; fileRef = FE52649A1F34ACA500E62A58 /* TurkishLeaguePlayersDataService.swift */; };
		FE528DCD1F289AC700597D0A /* DataRetrivalTest.swift in Sources */ = {isa = PBXBuildFile; fileRef = FE528DCC1F289AC700597D0A /* DataRetrivalTest.swift */; };
		FE540CD01F20BB9F000A75A0 /* ApiResponseTest.swift in Sources */ = {isa = PBXBuildFile; fileRef = FE540CCF1F20BB9F000A75A0 /* ApiResponseTest.swift */; };
		FE5B36CC1F41D728005FBCA6 /* TeamStatisticsViewController.swift in Sources */ = {isa = PBXBuildFile; fileRef = FE5B36CB1F41D728005FBCA6 /* TeamStatisticsViewController.swift */; };
		FE5B36CE1F41E49D005FBCA6 /* TeamStatisticsMenuViewController.swift in Sources */ = {isa = PBXBuildFile; fileRef = FE5B36CD1F41E49D005FBCA6 /* TeamStatisticsMenuViewController.swift */; };
		FE5C21671F2F27EE00522D65 /* TurkishAirLinesTeamsDataService.swift in Sources */ = {isa = PBXBuildFile; fileRef = FE5C21661F2F27EE00522D65 /* TurkishAirLinesTeamsDataService.swift */; };
		FE5C21691F2F2F6900522D65 /* Team.swift in Sources */ = {isa = PBXBuildFile; fileRef = FE5C21681F2F2F6900522D65 /* Team.swift */; };
		FE615F3B1F31B68900B6C3E0 /* MenuViewController.swift in Sources */ = {isa = PBXBuildFile; fileRef = FE615F3A1F31B68900B6C3E0 /* MenuViewController.swift */; };
		FE615F3D1F31BA2A00B6C3E0 /* TeamsTableViewCell.swift in Sources */ = {isa = PBXBuildFile; fileRef = FE615F3C1F31BA2A00B6C3E0 /* TeamsTableViewCell.swift */; };
		FE615F3F1F31BBE600B6C3E0 /* TurkishLeagueTeamsTableViewController.swift in Sources */ = {isa = PBXBuildFile; fileRef = FE615F3E1F31BBE600B6C3E0 /* TurkishLeagueTeamsTableViewController.swift */; };
		FE615F411F31CA7500B6C3E0 /* Player.swift in Sources */ = {isa = PBXBuildFile; fileRef = FE615F401F31CA7500B6C3E0 /* Player.swift */; };
		FE615F431F31D4B900B6C3E0 /* TurkishLeagueTeamsViewModel.swift in Sources */ = {isa = PBXBuildFile; fileRef = FE615F421F31D4B900B6C3E0 /* TurkishLeagueTeamsViewModel.swift */; };
		FE615F451F31EE7400B6C3E0 /* TurkishLeagueTeamDataViewController.swift in Sources */ = {isa = PBXBuildFile; fileRef = FE615F441F31EE7400B6C3E0 /* TurkishLeagueTeamDataViewController.swift */; };
		FE6FB04F1F43010F006C7D44 /* TeamStatisticsTableViewCell.swift in Sources */ = {isa = PBXBuildFile; fileRef = FE6FB04E1F43010F006C7D44 /* TeamStatisticsTableViewCell.swift */; };
		FE6FB0511F433592006C7D44 /* TeamStatisticTableRowsModel.swift in Sources */ = {isa = PBXBuildFile; fileRef = FE6FB0501F433592006C7D44 /* TeamStatisticTableRowsModel.swift */; };
		FE8C60A91F22126700D4EF83 /* RealmDBManager.swift in Sources */ = {isa = PBXBuildFile; fileRef = FE8C60A81F22126700D4EF83 /* RealmDBManager.swift */; };
		FE93A6D91F30BAAF00E9A83E /* TurkishLeagueGamesRouter.swift in Sources */ = {isa = PBXBuildFile; fileRef = FE93A6D81F30BAAF00E9A83E /* TurkishLeagueGamesRouter.swift */; };
		FEB17D9D1F4435A80044B0A6 /* SwiftExtentions.swift in Sources */ = {isa = PBXBuildFile; fileRef = FEB17D9C1F4435A80044B0A6 /* SwiftExtentions.swift */; };
		FEB5761E1F446359005D1E23 /* RootViewController.swift in Sources */ = {isa = PBXBuildFile; fileRef = FEB5761D1F446359005D1E23 /* RootViewController.swift */; };
		FEB576201F447054005D1E23 /* MenuTableViewCell.swift in Sources */ = {isa = PBXBuildFile; fileRef = FEB5761F1F447054005D1E23 /* MenuTableViewCell.swift */; };
		FEC2D2771F2B53E5006BB8AC /* GamsTableViewCell.swift in Sources */ = {isa = PBXBuildFile; fileRef = FEC2D2751F2B53E5006BB8AC /* GamsTableViewCell.swift */; };
		FEC2D2801F2B53F7006BB8AC /* TurkishLeagueGameDetailViewController.swift in Sources */ = {isa = PBXBuildFile; fileRef = FEC2D27A1F2B53F7006BB8AC /* TurkishLeagueGameDetailViewController.swift */; };
		FEC2D2811F2B53F7006BB8AC /* TurkishLeagueMasterTableViewController.swift in Sources */ = {isa = PBXBuildFile; fileRef = FEC2D27B1F2B53F7006BB8AC /* TurkishLeagueMasterTableViewController.swift */; };
		FEC2D2821F2B53F7006BB8AC /* TurkishLeagueGamesPagerViewController.swift in Sources */ = {isa = PBXBuildFile; fileRef = FEC2D27C1F2B53F7006BB8AC /* TurkishLeagueGamesPagerViewController.swift */; };
		FEC2D2881F2B5400006BB8AC /* ApiClient.swift in Sources */ = {isa = PBXBuildFile; fileRef = FEC2D2861F2B5400006BB8AC /* ApiClient.swift */; };
		FEC2D2891F2B5400006BB8AC /* TurkishAirLinesGamesDataService.swift in Sources */ = {isa = PBXBuildFile; fileRef = FEC2D2871F2B5400006BB8AC /* TurkishAirLinesGamesDataService.swift */; };
		FEC2D28C1F2B540E006BB8AC /* Game.swift in Sources */ = {isa = PBXBuildFile; fileRef = FEC2D28B1F2B540E006BB8AC /* Game.swift */; };
		FEC2D2921F2B544D006BB8AC /* AbstractViewModel.swift in Sources */ = {isa = PBXBuildFile; fileRef = FEC2D2901F2B544D006BB8AC /* AbstractViewModel.swift */; };
		FEC2D2931F2B544D006BB8AC /* TurkishLeagueGamsViewModel.swift in Sources */ = {isa = PBXBuildFile; fileRef = FEC2D2911F2B544D006BB8AC /* TurkishLeagueGamsViewModel.swift */; };
		FEC2D29F1F2B69A8006BB8AC /* CoText_Bold.ttf in Resources */ = {isa = PBXBuildFile; fileRef = FEC2D29C1F2B69A8006BB8AC /* CoText_Bold.ttf */; };
		FEC2D2A01F2B69A8006BB8AC /* CoText_Light.ttf in Resources */ = {isa = PBXBuildFile; fileRef = FEC2D29D1F2B69A8006BB8AC /* CoText_Light.ttf */; };
		FEC2D2A11F2B69A8006BB8AC /* CoText_Regular.ttf in Resources */ = {isa = PBXBuildFile; fileRef = FEC2D29E1F2B69A8006BB8AC /* CoText_Regular.ttf */; };
/* End PBXBuildFile section */

/* Begin PBXContainerItemProxy section */
		A5FF78CF1F0FA74F00F6E9A2 /* PBXContainerItemProxy */ = {
			isa = PBXContainerItemProxy;
			containerPortal = A5FF78B21F0FA74E00F6E9A2 /* Project object */;
			proxyType = 1;
			remoteGlobalIDString = A5FF78B91F0FA74E00F6E9A2;
			remoteInfo = "Euroleague-Graduate";
		};
		A5FF78DA1F0FA74F00F6E9A2 /* PBXContainerItemProxy */ = {
			isa = PBXContainerItemProxy;
			containerPortal = A5FF78B21F0FA74E00F6E9A2 /* Project object */;
			proxyType = 1;
			remoteGlobalIDString = A5FF78B91F0FA74E00F6E9A2;
			remoteInfo = "Euroleague-Graduate";
		};
/* End PBXContainerItemProxy section */

/* Begin PBXFileReference section */
		01ADB76913D80F4F437C791F /* Pods-Euroleague-GraduateTests.release.xcconfig */ = {isa = PBXFileReference; includeInIndex = 1; lastKnownFileType = text.xcconfig; name = "Pods-Euroleague-GraduateTests.release.xcconfig"; path = "Pods/Target Support Files/Pods-Euroleague-GraduateTests/Pods-Euroleague-GraduateTests.release.xcconfig"; sourceTree = "<group>"; };
		2133CAC12D79C13C3D42C93D /* Pods_Euroleague_GraduateTests.framework */ = {isa = PBXFileReference; explicitFileType = wrapper.framework; includeInIndex = 0; path = Pods_Euroleague_GraduateTests.framework; sourceTree = BUILT_PRODUCTS_DIR; };
		84DD3988E1A3253923452F18 /* Pods-Euroleague-Graduate.debug.xcconfig */ = {isa = PBXFileReference; includeInIndex = 1; lastKnownFileType = text.xcconfig; name = "Pods-Euroleague-Graduate.debug.xcconfig"; path = "Pods/Target Support Files/Pods-Euroleague-Graduate/Pods-Euroleague-Graduate.debug.xcconfig"; sourceTree = "<group>"; };
		A5FF78BA1F0FA74E00F6E9A2 /* Euroleague-Graduate.app */ = {isa = PBXFileReference; explicitFileType = wrapper.application; includeInIndex = 0; path = "Euroleague-Graduate.app"; sourceTree = BUILT_PRODUCTS_DIR; };
		A5FF78BD1F0FA74E00F6E9A2 /* AppDelegate.swift */ = {isa = PBXFileReference; lastKnownFileType = sourcecode.swift; path = AppDelegate.swift; sourceTree = "<group>"; };
		A5FF78C21F0FA74E00F6E9A2 /* Base */ = {isa = PBXFileReference; lastKnownFileType = file.storyboard; name = Base; path = Base.lproj/Main.storyboard; sourceTree = "<group>"; };
		A5FF78C41F0FA74E00F6E9A2 /* Assets.xcassets */ = {isa = PBXFileReference; lastKnownFileType = folder.assetcatalog; path = Assets.xcassets; sourceTree = "<group>"; };
		A5FF78C71F0FA74E00F6E9A2 /* Base */ = {isa = PBXFileReference; lastKnownFileType = file.storyboard; name = Base; path = Base.lproj/LaunchScreen.storyboard; sourceTree = "<group>"; };
		A5FF78C91F0FA74E00F6E9A2 /* Info.plist */ = {isa = PBXFileReference; lastKnownFileType = text.plist.xml; path = Info.plist; sourceTree = "<group>"; };
		A5FF78CE1F0FA74F00F6E9A2 /* Euroleague-GraduateTests.xctest */ = {isa = PBXFileReference; explicitFileType = wrapper.cfbundle; includeInIndex = 0; path = "Euroleague-GraduateTests.xctest"; sourceTree = BUILT_PRODUCTS_DIR; };
		A5FF78D21F0FA74F00F6E9A2 /* Euroleague_GraduateTests.swift */ = {isa = PBXFileReference; lastKnownFileType = sourcecode.swift; path = Euroleague_GraduateTests.swift; sourceTree = "<group>"; };
		A5FF78D41F0FA74F00F6E9A2 /* Info.plist */ = {isa = PBXFileReference; lastKnownFileType = text.plist.xml; path = Info.plist; sourceTree = "<group>"; };
		A5FF78D91F0FA74F00F6E9A2 /* Euroleague-GraduateUITests.xctest */ = {isa = PBXFileReference; explicitFileType = wrapper.cfbundle; includeInIndex = 0; path = "Euroleague-GraduateUITests.xctest"; sourceTree = BUILT_PRODUCTS_DIR; };
		A5FF78DD1F0FA74F00F6E9A2 /* Euroleague_GraduateUITests.swift */ = {isa = PBXFileReference; lastKnownFileType = sourcecode.swift; path = Euroleague_GraduateUITests.swift; sourceTree = "<group>"; };
		A5FF78DF1F0FA74F00F6E9A2 /* Info.plist */ = {isa = PBXFileReference; lastKnownFileType = text.plist.xml; path = Info.plist; sourceTree = "<group>"; };
		B35C4F623F55A7C474F985E8 /* Pods_Euroleague_Graduate.framework */ = {isa = PBXFileReference; explicitFileType = wrapper.framework; includeInIndex = 0; path = Pods_Euroleague_Graduate.framework; sourceTree = BUILT_PRODUCTS_DIR; };
		B37D69230445B1A7B7CFD2B6 /* Pods-Euroleague-GraduateTests.debug.xcconfig */ = {isa = PBXFileReference; includeInIndex = 1; lastKnownFileType = text.xcconfig; name = "Pods-Euroleague-GraduateTests.debug.xcconfig"; path = "Pods/Target Support Files/Pods-Euroleague-GraduateTests/Pods-Euroleague-GraduateTests.debug.xcconfig"; sourceTree = "<group>"; };
		F5B4642116FFE1367BFA93F5 /* Pods-Euroleague-Graduate.release.xcconfig */ = {isa = PBXFileReference; includeInIndex = 1; lastKnownFileType = text.xcconfig; name = "Pods-Euroleague-Graduate.release.xcconfig"; path = "Pods/Target Support Files/Pods-Euroleague-Graduate/Pods-Euroleague-Graduate.release.xcconfig"; sourceTree = "<group>"; };
		FE3324881F4599C200DB345E /* GameBoxScoreViewController.swift */ = {isa = PBXFileReference; fileEncoding = 4; lastKnownFileType = sourcecode.swift; path = GameBoxScoreViewController.swift; sourceTree = "<group>"; };
		FE33248A1F45B18B00DB345E /* BoxScoreViewModel.swift */ = {isa = PBXFileReference; fileEncoding = 4; lastKnownFileType = sourcecode.swift; path = BoxScoreViewModel.swift; sourceTree = "<group>"; };
		FE33248C1F45B19800DB345E /* EBSGameDetailsClubInfo.swift */ = {isa = PBXFileReference; fileEncoding = 4; lastKnownFileType = sourcecode.swift; path = EBSGameDetailsClubInfo.swift; sourceTree = "<group>"; };
		FE33248E1F45C30D00DB345E /* BoxScoreQuarterCollectionViewCell.swift */ = {isa = PBXFileReference; fileEncoding = 4; lastKnownFileType = sourcecode.swift; path = BoxScoreQuarterCollectionViewCell.swift; sourceTree = "<group>"; };
		FE3324901F45C32800DB345E /* BoxScoreMVPTableViewCell.swift */ = {isa = PBXFileReference; fileEncoding = 4; lastKnownFileType = sourcecode.swift; path = BoxScoreMVPTableViewCell.swift; sourceTree = "<group>"; };
		FE368CAF1F33453B006963C8 /* RostersTableViewController.swift */ = {isa = PBXFileReference; fileEncoding = 4; lastKnownFileType = sourcecode.swift; path = RostersTableViewController.swift; sourceTree = "<group>"; };
		FE5264911F348EBA00E62A58 /* PlayersTableViewCell.swift */ = {isa = PBXFileReference; fileEncoding = 4; lastKnownFileType = sourcecode.swift; path = PlayersTableViewCell.swift; sourceTree = "<group>"; };
		FE5264931F34951C00E62A58 /* EuroLeagueNavigationController.swift */ = {isa = PBXFileReference; fileEncoding = 4; lastKnownFileType = sourcecode.swift; path = EuroLeagueNavigationController.swift; sourceTree = "<group>"; };
		FE5264951F34AA3900E62A58 /* Colors.swift */ = {isa = PBXFileReference; fileEncoding = 4; lastKnownFileType = sourcecode.swift; path = Colors.swift; sourceTree = "<group>"; };
		FE5264981F34AB1C00E62A58 /* TurkishLeaguePlayerViewModel.swift */ = {isa = PBXFileReference; fileEncoding = 4; lastKnownFileType = sourcecode.swift; path = TurkishLeaguePlayerViewModel.swift; sourceTree = "<group>"; };
		FE52649A1F34ACA500E62A58 /* TurkishLeaguePlayersDataService.swift */ = {isa = PBXFileReference; fileEncoding = 4; lastKnownFileType = sourcecode.swift; path = TurkishLeaguePlayersDataService.swift; sourceTree = "<group>"; };
		FE528DCC1F289AC700597D0A /* DataRetrivalTest.swift */ = {isa = PBXFileReference; fileEncoding = 4; lastKnownFileType = sourcecode.swift; path = DataRetrivalTest.swift; sourceTree = "<group>"; };
		FE540CCF1F20BB9F000A75A0 /* ApiResponseTest.swift */ = {isa = PBXFileReference; fileEncoding = 4; lastKnownFileType = sourcecode.swift; path = ApiResponseTest.swift; sourceTree = "<group>"; };
		FE5B36CB1F41D728005FBCA6 /* TeamStatisticsViewController.swift */ = {isa = PBXFileReference; fileEncoding = 4; lastKnownFileType = sourcecode.swift; path = TeamStatisticsViewController.swift; sourceTree = "<group>"; };
		FE5B36CD1F41E49D005FBCA6 /* TeamStatisticsMenuViewController.swift */ = {isa = PBXFileReference; fileEncoding = 4; lastKnownFileType = sourcecode.swift; path = TeamStatisticsMenuViewController.swift; sourceTree = "<group>"; };
		FE5C21661F2F27EE00522D65 /* TurkishAirLinesTeamsDataService.swift */ = {isa = PBXFileReference; fileEncoding = 4; lastKnownFileType = sourcecode.swift; path = TurkishAirLinesTeamsDataService.swift; sourceTree = "<group>"; };
		FE5C21681F2F2F6900522D65 /* Team.swift */ = {isa = PBXFileReference; fileEncoding = 4; lastKnownFileType = sourcecode.swift; path = Team.swift; sourceTree = "<group>"; };
		FE615F3A1F31B68900B6C3E0 /* MenuViewController.swift */ = {isa = PBXFileReference; fileEncoding = 4; lastKnownFileType = sourcecode.swift; path = MenuViewController.swift; sourceTree = "<group>"; };
		FE615F3C1F31BA2A00B6C3E0 /* TeamsTableViewCell.swift */ = {isa = PBXFileReference; fileEncoding = 4; lastKnownFileType = sourcecode.swift; path = TeamsTableViewCell.swift; sourceTree = "<group>"; };
		FE615F3E1F31BBE600B6C3E0 /* TurkishLeagueTeamsTableViewController.swift */ = {isa = PBXFileReference; fileEncoding = 4; lastKnownFileType = sourcecode.swift; path = TurkishLeagueTeamsTableViewController.swift; sourceTree = "<group>"; };
		FE615F401F31CA7500B6C3E0 /* Player.swift */ = {isa = PBXFileReference; fileEncoding = 4; lastKnownFileType = sourcecode.swift; path = Player.swift; sourceTree = "<group>"; };
		FE615F421F31D4B900B6C3E0 /* TurkishLeagueTeamsViewModel.swift */ = {isa = PBXFileReference; fileEncoding = 4; lastKnownFileType = sourcecode.swift; path = TurkishLeagueTeamsViewModel.swift; sourceTree = "<group>"; };
		FE615F441F31EE7400B6C3E0 /* TurkishLeagueTeamDataViewController.swift */ = {isa = PBXFileReference; fileEncoding = 4; lastKnownFileType = sourcecode.swift; path = TurkishLeagueTeamDataViewController.swift; sourceTree = "<group>"; };
		FE6FB04E1F43010F006C7D44 /* TeamStatisticsTableViewCell.swift */ = {isa = PBXFileReference; fileEncoding = 4; lastKnownFileType = sourcecode.swift; path = TeamStatisticsTableViewCell.swift; sourceTree = "<group>"; };
		FE6FB0501F433592006C7D44 /* TeamStatisticTableRowsModel.swift */ = {isa = PBXFileReference; fileEncoding = 4; lastKnownFileType = sourcecode.swift; path = TeamStatisticTableRowsModel.swift; sourceTree = "<group>"; };
		FE8C60A81F22126700D4EF83 /* RealmDBManager.swift */ = {isa = PBXFileReference; fileEncoding = 4; lastKnownFileType = sourcecode.swift; path = RealmDBManager.swift; sourceTree = "<group>"; };
		FE93A6D81F30BAAF00E9A83E /* TurkishLeagueGamesRouter.swift */ = {isa = PBXFileReference; fileEncoding = 4; lastKnownFileType = sourcecode.swift; path = TurkishLeagueGamesRouter.swift; sourceTree = "<group>"; };
		FEB17D9C1F4435A80044B0A6 /* SwiftExtentions.swift */ = {isa = PBXFileReference; fileEncoding = 4; lastKnownFileType = sourcecode.swift; path = SwiftExtentions.swift; sourceTree = "<group>"; };
		FEB5761D1F446359005D1E23 /* RootViewController.swift */ = {isa = PBXFileReference; fileEncoding = 4; lastKnownFileType = sourcecode.swift; path = RootViewController.swift; sourceTree = "<group>"; };
		FEB5761F1F447054005D1E23 /* MenuTableViewCell.swift */ = {isa = PBXFileReference; fileEncoding = 4; lastKnownFileType = sourcecode.swift; path = MenuTableViewCell.swift; sourceTree = "<group>"; };
		FEC2D2751F2B53E5006BB8AC /* GamsTableViewCell.swift */ = {isa = PBXFileReference; fileEncoding = 4; lastKnownFileType = sourcecode.swift; path = GamsTableViewCell.swift; sourceTree = "<group>"; };
		FEC2D27A1F2B53F7006BB8AC /* TurkishLeagueGameDetailViewController.swift */ = {isa = PBXFileReference; fileEncoding = 4; lastKnownFileType = sourcecode.swift; path = TurkishLeagueGameDetailViewController.swift; sourceTree = "<group>"; };
		FEC2D27B1F2B53F7006BB8AC /* TurkishLeagueMasterTableViewController.swift */ = {isa = PBXFileReference; fileEncoding = 4; lastKnownFileType = sourcecode.swift; path = TurkishLeagueMasterTableViewController.swift; sourceTree = "<group>"; };
		FEC2D27C1F2B53F7006BB8AC /* TurkishLeagueGamesPagerViewController.swift */ = {isa = PBXFileReference; fileEncoding = 4; lastKnownFileType = sourcecode.swift; path = TurkishLeagueGamesPagerViewController.swift; sourceTree = "<group>"; };
		FEC2D2861F2B5400006BB8AC /* ApiClient.swift */ = {isa = PBXFileReference; fileEncoding = 4; lastKnownFileType = sourcecode.swift; path = ApiClient.swift; sourceTree = "<group>"; };
		FEC2D2871F2B5400006BB8AC /* TurkishAirLinesGamesDataService.swift */ = {isa = PBXFileReference; fileEncoding = 4; lastKnownFileType = sourcecode.swift; path = TurkishAirLinesGamesDataService.swift; sourceTree = "<group>"; };
		FEC2D28B1F2B540E006BB8AC /* Game.swift */ = {isa = PBXFileReference; fileEncoding = 4; lastKnownFileType = sourcecode.swift; path = Game.swift; sourceTree = "<group>"; };
		FEC2D2901F2B544D006BB8AC /* AbstractViewModel.swift */ = {isa = PBXFileReference; fileEncoding = 4; lastKnownFileType = sourcecode.swift; path = AbstractViewModel.swift; sourceTree = "<group>"; };
		FEC2D2911F2B544D006BB8AC /* TurkishLeagueGamsViewModel.swift */ = {isa = PBXFileReference; fileEncoding = 4; lastKnownFileType = sourcecode.swift; path = TurkishLeagueGamsViewModel.swift; sourceTree = "<group>"; };
		FEC2D29C1F2B69A8006BB8AC /* CoText_Bold.ttf */ = {isa = PBXFileReference; lastKnownFileType = file; path = CoText_Bold.ttf; sourceTree = "<group>"; };
		FEC2D29D1F2B69A8006BB8AC /* CoText_Light.ttf */ = {isa = PBXFileReference; lastKnownFileType = file; path = CoText_Light.ttf; sourceTree = "<group>"; };
		FEC2D29E1F2B69A8006BB8AC /* CoText_Regular.ttf */ = {isa = PBXFileReference; lastKnownFileType = file; path = CoText_Regular.ttf; sourceTree = "<group>"; };
/* End PBXFileReference section */

/* Begin PBXFrameworksBuildPhase section */
		A5FF78B71F0FA74E00F6E9A2 /* Frameworks */ = {
			isa = PBXFrameworksBuildPhase;
			buildActionMask = 2147483647;
			files = (
				E49A004AC4F45BE0AEFD1C45 /* Pods_Euroleague_Graduate.framework in Frameworks */,
			);
			runOnlyForDeploymentPostprocessing = 0;
		};
		A5FF78CB1F0FA74F00F6E9A2 /* Frameworks */ = {
			isa = PBXFrameworksBuildPhase;
			buildActionMask = 2147483647;
			files = (
				21B65997F6810985B3D10E68 /* Pods_Euroleague_GraduateTests.framework in Frameworks */,
			);
			runOnlyForDeploymentPostprocessing = 0;
		};
		A5FF78D61F0FA74F00F6E9A2 /* Frameworks */ = {
			isa = PBXFrameworksBuildPhase;
			buildActionMask = 2147483647;
			files = (
			);
			runOnlyForDeploymentPostprocessing = 0;
		};
/* End PBXFrameworksBuildPhase section */

/* Begin PBXGroup section */
		1F7585AAF8E93D9DFE965A50 /* Frameworks */ = {
			isa = PBXGroup;
			children = (
				B35C4F623F55A7C474F985E8 /* Pods_Euroleague_Graduate.framework */,
				2133CAC12D79C13C3D42C93D /* Pods_Euroleague_GraduateTests.framework */,
			);
			name = Frameworks;
			sourceTree = "<group>";
		};
		A5FF78B11F0FA74E00F6E9A2 = {
			isa = PBXGroup;
			children = (
				A5FF78BC1F0FA74E00F6E9A2 /* Euroleague-Graduate */,
				A5FF78D11F0FA74F00F6E9A2 /* Euroleague-GraduateTests */,
				A5FF78DC1F0FA74F00F6E9A2 /* Euroleague-GraduateUITests */,
				A5FF78BB1F0FA74E00F6E9A2 /* Products */,
				B0044547603B0E65E16F43EC /* Pods */,
				1F7585AAF8E93D9DFE965A50 /* Frameworks */,
			);
			sourceTree = "<group>";
		};
		A5FF78BB1F0FA74E00F6E9A2 /* Products */ = {
			isa = PBXGroup;
			children = (
				A5FF78BA1F0FA74E00F6E9A2 /* Euroleague-Graduate.app */,
				A5FF78CE1F0FA74F00F6E9A2 /* Euroleague-GraduateTests.xctest */,
				A5FF78D91F0FA74F00F6E9A2 /* Euroleague-GraduateUITests.xctest */,
			);
			name = Products;
			sourceTree = "<group>";
		};
		A5FF78BC1F0FA74E00F6E9A2 /* Euroleague-Graduate */ = {
			isa = PBXGroup;
			children = (
				FEC2D2731F2B53E5006BB8AC /* View */,
				FEC2D2781F2B53F7006BB8AC /* ViewControllers */,
				FEC2D28F1F2B544D006BB8AC /* ViewModels */,
				FEC2D2851F2B5400006BB8AC /* Services */,
				FEC2D28A1F2B540E006BB8AC /* Model */,
				FE6DDF921F2624B100BA9FCB /* Helpers */,
				FEC2D29A1F2B69A8006BB8AC /* Resourses */,
				A5FF78BD1F0FA74E00F6E9A2 /* AppDelegate.swift */,
				A5FF78C11F0FA74E00F6E9A2 /* Main.storyboard */,
				A5FF78C41F0FA74E00F6E9A2 /* Assets.xcassets */,
				A5FF78C61F0FA74E00F6E9A2 /* LaunchScreen.storyboard */,
				A5FF78C91F0FA74E00F6E9A2 /* Info.plist */,
			);
			path = "Euroleague-Graduate";
			sourceTree = "<group>";
		};
		A5FF78D11F0FA74F00F6E9A2 /* Euroleague-GraduateTests */ = {
			isa = PBXGroup;
			children = (
				FE540CCF1F20BB9F000A75A0 /* ApiResponseTest.swift */,
				FE528DCC1F289AC700597D0A /* DataRetrivalTest.swift */,
				A5FF78D21F0FA74F00F6E9A2 /* Euroleague_GraduateTests.swift */,
				A5FF78D41F0FA74F00F6E9A2 /* Info.plist */,
			);
			path = "Euroleague-GraduateTests";
			sourceTree = "<group>";
		};
		A5FF78DC1F0FA74F00F6E9A2 /* Euroleague-GraduateUITests */ = {
			isa = PBXGroup;
			children = (
				A5FF78DD1F0FA74F00F6E9A2 /* Euroleague_GraduateUITests.swift */,
				A5FF78DF1F0FA74F00F6E9A2 /* Info.plist */,
			);
			path = "Euroleague-GraduateUITests";
			sourceTree = "<group>";
		};
		B0044547603B0E65E16F43EC /* Pods */ = {
			isa = PBXGroup;
			children = (
				84DD3988E1A3253923452F18 /* Pods-Euroleague-Graduate.debug.xcconfig */,
				F5B4642116FFE1367BFA93F5 /* Pods-Euroleague-Graduate.release.xcconfig */,
				B37D69230445B1A7B7CFD2B6 /* Pods-Euroleague-GraduateTests.debug.xcconfig */,
				01ADB76913D80F4F437C791F /* Pods-Euroleague-GraduateTests.release.xcconfig */,
			);
			name = Pods;
			sourceTree = "<group>";
		};
		FE6DDF921F2624B100BA9FCB /* Helpers */ = {
			isa = PBXGroup;
			children = (
				FE33248C1F45B19800DB345E /* EBSGameDetailsClubInfo.swift */,
				FE8C60A81F22126700D4EF83 /* RealmDBManager.swift */,
				FE93A6D81F30BAAF00E9A83E /* TurkishLeagueGamesRouter.swift */,
				FEB17D9C1F4435A80044B0A6 /* SwiftExtentions.swift */,
			);
			name = Helpers;
			sourceTree = "<group>";
		};
		FEC2D2731F2B53E5006BB8AC /* View */ = {
			isa = PBXGroup;
			children = (
				FEC2D2751F2B53E5006BB8AC /* GamsTableViewCell.swift */,
				FE615F3C1F31BA2A00B6C3E0 /* TeamsTableViewCell.swift */,
				FE5264911F348EBA00E62A58 /* PlayersTableViewCell.swift */,
				FE6FB04E1F43010F006C7D44 /* TeamStatisticsTableViewCell.swift */,
				FEB5761F1F447054005D1E23 /* MenuTableViewCell.swift */,
				FE33248E1F45C30D00DB345E /* BoxScoreQuarterCollectionViewCell.swift */,
				FE3324901F45C32800DB345E /* BoxScoreMVPTableViewCell.swift */,
			);
			path = View;
			sourceTree = "<group>";
		};
		FEC2D2781F2B53F7006BB8AC /* ViewControllers */ = {
			isa = PBXGroup;
			children = (
				FE615F3A1F31B68900B6C3E0 /* MenuViewController.swift */,
				FEB5761D1F446359005D1E23 /* RootViewController.swift */,
				FE5264931F34951C00E62A58 /* EuroLeagueNavigationController.swift */,
				FEC2D27C1F2B53F7006BB8AC /* TurkishLeagueGamesPagerViewController.swift */,
				FEC2D27B1F2B53F7006BB8AC /* TurkishLeagueMasterTableViewController.swift */,
				FEC2D27A1F2B53F7006BB8AC /* TurkishLeagueGameDetailViewController.swift */,
				FE3324881F4599C200DB345E /* GameBoxScoreViewController.swift */,
				FE615F3E1F31BBE600B6C3E0 /* TurkishLeagueTeamsTableViewController.swift */,
				FE615F441F31EE7400B6C3E0 /* TurkishLeagueTeamDataViewController.swift */,
				FE368CAF1F33453B006963C8 /* RostersTableViewController.swift */,
				FE5B36CB1F41D728005FBCA6 /* TeamStatisticsViewController.swift */,
				FE5B36CD1F41E49D005FBCA6 /* TeamStatisticsMenuViewController.swift */,
			);
			path = ViewControllers;
			sourceTree = "<group>";
		};
		FEC2D2851F2B5400006BB8AC /* Services */ = {
			isa = PBXGroup;
			children = (
				FEC2D2861F2B5400006BB8AC /* ApiClient.swift */,
				FEC2D2871F2B5400006BB8AC /* TurkishAirLinesGamesDataService.swift */,
				FE5C21661F2F27EE00522D65 /* TurkishAirLinesTeamsDataService.swift */,
				FE52649A1F34ACA500E62A58 /* TurkishLeaguePlayersDataService.swift */,
			);
			path = Services;
			sourceTree = "<group>";
		};
		FEC2D28A1F2B540E006BB8AC /* Model */ = {
			isa = PBXGroup;
			children = (
				FEC2D28B1F2B540E006BB8AC /* Game.swift */,
				FE5C21681F2F2F6900522D65 /* Team.swift */,
				FE615F401F31CA7500B6C3E0 /* Player.swift */,
				FE6FB0501F433592006C7D44 /* TeamStatisticTableRowsModel.swift */,
			);
			path = Model;
			sourceTree = "<group>";
		};
		FEC2D28F1F2B544D006BB8AC /* ViewModels */ = {
			isa = PBXGroup;
			children = (
				FE33248A1F45B18B00DB345E /* BoxScoreViewModel.swift */,
				FEC2D2901F2B544D006BB8AC /* AbstractViewModel.swift */,
				FEC2D2911F2B544D006BB8AC /* TurkishLeagueGamsViewModel.swift */,
				FE615F421F31D4B900B6C3E0 /* TurkishLeagueTeamsViewModel.swift */,
				FE5264981F34AB1C00E62A58 /* TurkishLeaguePlayerViewModel.swift */,
			);
			path = ViewModels;
			sourceTree = "<group>";
		};
		FEC2D29A1F2B69A8006BB8AC /* Resourses */ = {
			isa = PBXGroup;
			children = (
				FEC2D29B1F2B69A8006BB8AC /* Fonts */,
				FE5264951F34AA3900E62A58 /* Colors.swift */,
			);
			path = Resourses;
			sourceTree = "<group>";
		};
		FEC2D29B1F2B69A8006BB8AC /* Fonts */ = {
			isa = PBXGroup;
			children = (
				FEC2D29C1F2B69A8006BB8AC /* CoText_Bold.ttf */,
				FEC2D29D1F2B69A8006BB8AC /* CoText_Light.ttf */,
				FEC2D29E1F2B69A8006BB8AC /* CoText_Regular.ttf */,
			);
			path = Fonts;
			sourceTree = "<group>";
		};
/* End PBXGroup section */

/* Begin PBXNativeTarget section */
		A5FF78B91F0FA74E00F6E9A2 /* Euroleague-Graduate */ = {
			isa = PBXNativeTarget;
			buildConfigurationList = A5FF78E21F0FA74F00F6E9A2 /* Build configuration list for PBXNativeTarget "Euroleague-Graduate" */;
			buildPhases = (
				7288BFD380BBD698D163872B /* [CP] Check Pods Manifest.lock */,
				A5FF78B61F0FA74E00F6E9A2 /* Sources */,
				A5FF78B71F0FA74E00F6E9A2 /* Frameworks */,
				A5FF78B81F0FA74E00F6E9A2 /* Resources */,
				8E8817FA5ADF949E3C2C264B /* [CP] Embed Pods Frameworks */,
				0AF6EFE00122B782882ED4BF /* [CP] Copy Pods Resources */,
			);
			buildRules = (
			);
			dependencies = (
			);
			name = "Euroleague-Graduate";
			productName = "Euroleague-Graduate";
			productReference = A5FF78BA1F0FA74E00F6E9A2 /* Euroleague-Graduate.app */;
			productType = "com.apple.product-type.application";
		};
		A5FF78CD1F0FA74F00F6E9A2 /* Euroleague-GraduateTests */ = {
			isa = PBXNativeTarget;
			buildConfigurationList = A5FF78E51F0FA74F00F6E9A2 /* Build configuration list for PBXNativeTarget "Euroleague-GraduateTests" */;
			buildPhases = (
				6E2A2D3C2CA748BF1B5D4B62 /* [CP] Check Pods Manifest.lock */,
				A5FF78CA1F0FA74F00F6E9A2 /* Sources */,
				A5FF78CB1F0FA74F00F6E9A2 /* Frameworks */,
				A5FF78CC1F0FA74F00F6E9A2 /* Resources */,
				61694293426D91A1C4B12D78 /* [CP] Embed Pods Frameworks */,
				096E9EC19FBE3F57A488AF2D /* [CP] Copy Pods Resources */,
			);
			buildRules = (
			);
			dependencies = (
				A5FF78D01F0FA74F00F6E9A2 /* PBXTargetDependency */,
			);
			name = "Euroleague-GraduateTests";
			productName = "Euroleague-GraduateTests";
			productReference = A5FF78CE1F0FA74F00F6E9A2 /* Euroleague-GraduateTests.xctest */;
			productType = "com.apple.product-type.bundle.unit-test";
		};
		A5FF78D81F0FA74F00F6E9A2 /* Euroleague-GraduateUITests */ = {
			isa = PBXNativeTarget;
			buildConfigurationList = A5FF78E81F0FA74F00F6E9A2 /* Build configuration list for PBXNativeTarget "Euroleague-GraduateUITests" */;
			buildPhases = (
				A5FF78D51F0FA74F00F6E9A2 /* Sources */,
				A5FF78D61F0FA74F00F6E9A2 /* Frameworks */,
				A5FF78D71F0FA74F00F6E9A2 /* Resources */,
			);
			buildRules = (
			);
			dependencies = (
				A5FF78DB1F0FA74F00F6E9A2 /* PBXTargetDependency */,
			);
			name = "Euroleague-GraduateUITests";
			productName = "Euroleague-GraduateUITests";
			productReference = A5FF78D91F0FA74F00F6E9A2 /* Euroleague-GraduateUITests.xctest */;
			productType = "com.apple.product-type.bundle.ui-testing";
		};
/* End PBXNativeTarget section */

/* Begin PBXProject section */
		A5FF78B21F0FA74E00F6E9A2 /* Project object */ = {
			isa = PBXProject;
			attributes = {
				LastSwiftUpdateCheck = 0820;
				LastUpgradeCheck = 0820;
				ORGANIZATIONNAME = Modeso;
				TargetAttributes = {
					A5FF78B91F0FA74E00F6E9A2 = {
						CreatedOnToolsVersion = 8.2.1;
						DevelopmentTeam = XP9UK5V4RA;
						ProvisioningStyle = Automatic;
					};
					A5FF78CD1F0FA74F00F6E9A2 = {
						CreatedOnToolsVersion = 8.2.1;
						DevelopmentTeam = XP9UK5V4RA;
						ProvisioningStyle = Automatic;
						TestTargetID = A5FF78B91F0FA74E00F6E9A2;
					};
					A5FF78D81F0FA74F00F6E9A2 = {
						CreatedOnToolsVersion = 8.2.1;
						DevelopmentTeam = XP9UK5V4RA;
						ProvisioningStyle = Automatic;
						TestTargetID = A5FF78B91F0FA74E00F6E9A2;
					};
				};
			};
			buildConfigurationList = A5FF78B51F0FA74E00F6E9A2 /* Build configuration list for PBXProject "Euroleague-Graduate" */;
			compatibilityVersion = "Xcode 3.2";
			developmentRegion = English;
			hasScannedForEncodings = 0;
			knownRegions = (
				en,
				Base,
			);
			mainGroup = A5FF78B11F0FA74E00F6E9A2;
			productRefGroup = A5FF78BB1F0FA74E00F6E9A2 /* Products */;
			projectDirPath = "";
			projectRoot = "";
			targets = (
				A5FF78B91F0FA74E00F6E9A2 /* Euroleague-Graduate */,
				A5FF78CD1F0FA74F00F6E9A2 /* Euroleague-GraduateTests */,
				A5FF78D81F0FA74F00F6E9A2 /* Euroleague-GraduateUITests */,
			);
		};
/* End PBXProject section */

/* Begin PBXResourcesBuildPhase section */
		A5FF78B81F0FA74E00F6E9A2 /* Resources */ = {
			isa = PBXResourcesBuildPhase;
			buildActionMask = 2147483647;
			files = (
				FEC2D2A01F2B69A8006BB8AC /* CoText_Light.ttf in Resources */,
				A5FF78C81F0FA74E00F6E9A2 /* LaunchScreen.storyboard in Resources */,
				A5FF78C51F0FA74E00F6E9A2 /* Assets.xcassets in Resources */,
				FEC2D29F1F2B69A8006BB8AC /* CoText_Bold.ttf in Resources */,
				FEC2D2A11F2B69A8006BB8AC /* CoText_Regular.ttf in Resources */,
				A5FF78C31F0FA74E00F6E9A2 /* Main.storyboard in Resources */,
			);
			runOnlyForDeploymentPostprocessing = 0;
		};
		A5FF78CC1F0FA74F00F6E9A2 /* Resources */ = {
			isa = PBXResourcesBuildPhase;
			buildActionMask = 2147483647;
			files = (
			);
			runOnlyForDeploymentPostprocessing = 0;
		};
		A5FF78D71F0FA74F00F6E9A2 /* Resources */ = {
			isa = PBXResourcesBuildPhase;
			buildActionMask = 2147483647;
			files = (
			);
			runOnlyForDeploymentPostprocessing = 0;
		};
/* End PBXResourcesBuildPhase section */

/* Begin PBXShellScriptBuildPhase section */
		096E9EC19FBE3F57A488AF2D /* [CP] Copy Pods Resources */ = {
			isa = PBXShellScriptBuildPhase;
			buildActionMask = 2147483647;
			files = (
			);
			inputPaths = (
			);
			name = "[CP] Copy Pods Resources";
			outputPaths = (
			);
			runOnlyForDeploymentPostprocessing = 0;
			shellPath = /bin/sh;
			shellScript = "\"${SRCROOT}/Pods/Target Support Files/Pods-Euroleague-GraduateTests/Pods-Euroleague-GraduateTests-resources.sh\"\n";
			showEnvVarsInLog = 0;
		};
		0AF6EFE00122B782882ED4BF /* [CP] Copy Pods Resources */ = {
			isa = PBXShellScriptBuildPhase;
			buildActionMask = 2147483647;
			files = (
			);
			inputPaths = (
			);
			name = "[CP] Copy Pods Resources";
			outputPaths = (
			);
			runOnlyForDeploymentPostprocessing = 0;
			shellPath = /bin/sh;
			shellScript = "\"${SRCROOT}/Pods/Target Support Files/Pods-Euroleague-Graduate/Pods-Euroleague-Graduate-resources.sh\"\n";
			showEnvVarsInLog = 0;
		};
		61694293426D91A1C4B12D78 /* [CP] Embed Pods Frameworks */ = {
			isa = PBXShellScriptBuildPhase;
			buildActionMask = 2147483647;
			files = (
			);
			inputPaths = (
			);
			name = "[CP] Embed Pods Frameworks";
			outputPaths = (
			);
			runOnlyForDeploymentPostprocessing = 0;
			shellPath = /bin/sh;
			shellScript = "\"${SRCROOT}/Pods/Target Support Files/Pods-Euroleague-GraduateTests/Pods-Euroleague-GraduateTests-frameworks.sh\"\n";
			showEnvVarsInLog = 0;
		};
		6E2A2D3C2CA748BF1B5D4B62 /* [CP] Check Pods Manifest.lock */ = {
			isa = PBXShellScriptBuildPhase;
			buildActionMask = 2147483647;
			files = (
			);
			inputPaths = (
			);
			name = "[CP] Check Pods Manifest.lock";
			outputPaths = (
			);
			runOnlyForDeploymentPostprocessing = 0;
			shellPath = /bin/sh;
			shellScript = "diff \"${PODS_PODFILE_DIR_PATH}/Podfile.lock\" \"${PODS_ROOT}/Manifest.lock\" > /dev/null\nif [ $? != 0 ] ; then\n    # print error to STDERR\n    echo \"error: The sandbox is not in sync with the Podfile.lock. Run 'pod install' or update your CocoaPods installation.\" >&2\n    exit 1\nfi\n";
			showEnvVarsInLog = 0;
		};
		7288BFD380BBD698D163872B /* [CP] Check Pods Manifest.lock */ = {
			isa = PBXShellScriptBuildPhase;
			buildActionMask = 2147483647;
			files = (
			);
			inputPaths = (
			);
			name = "[CP] Check Pods Manifest.lock";
			outputPaths = (
			);
			runOnlyForDeploymentPostprocessing = 0;
			shellPath = /bin/sh;
			shellScript = "diff \"${PODS_PODFILE_DIR_PATH}/Podfile.lock\" \"${PODS_ROOT}/Manifest.lock\" > /dev/null\nif [ $? != 0 ] ; then\n    # print error to STDERR\n    echo \"error: The sandbox is not in sync with the Podfile.lock. Run 'pod install' or update your CocoaPods installation.\" >&2\n    exit 1\nfi\n";
			showEnvVarsInLog = 0;
		};
		8E8817FA5ADF949E3C2C264B /* [CP] Embed Pods Frameworks */ = {
			isa = PBXShellScriptBuildPhase;
			buildActionMask = 2147483647;
			files = (
			);
			inputPaths = (
			);
			name = "[CP] Embed Pods Frameworks";
			outputPaths = (
			);
			runOnlyForDeploymentPostprocessing = 0;
			shellPath = /bin/sh;
			shellScript = "\"${SRCROOT}/Pods/Target Support Files/Pods-Euroleague-Graduate/Pods-Euroleague-Graduate-frameworks.sh\"\n";
			showEnvVarsInLog = 0;
		};
/* End PBXShellScriptBuildPhase section */

/* Begin PBXSourcesBuildPhase section */
		A5FF78B61F0FA74E00F6E9A2 /* Sources */ = {
			isa = PBXSourcesBuildPhase;
			buildActionMask = 2147483647;
			files = (
				FE3324891F4599C200DB345E /* GameBoxScoreViewController.swift in Sources */,
				FE5B36CC1F41D728005FBCA6 /* TeamStatisticsViewController.swift in Sources */,
				FE6FB04F1F43010F006C7D44 /* TeamStatisticsTableViewCell.swift in Sources */,
				FEC2D2931F2B544D006BB8AC /* TurkishLeagueGamsViewModel.swift in Sources */,
				FE5264991F34AB1C00E62A58 /* TurkishLeaguePlayerViewModel.swift in Sources */,
				FE5264961F34AA3900E62A58 /* Colors.swift in Sources */,
				FE615F3B1F31B68900B6C3E0 /* MenuViewController.swift in Sources */,
				FE5C21671F2F27EE00522D65 /* TurkishAirLinesTeamsDataService.swift in Sources */,
				A5FF78BE1F0FA74E00F6E9A2 /* AppDelegate.swift in Sources */,
				FEC2D2771F2B53E5006BB8AC /* GamsTableViewCell.swift in Sources */,
				FEC2D2921F2B544D006BB8AC /* AbstractViewModel.swift in Sources */,
				FE5B36CE1F41E49D005FBCA6 /* TeamStatisticsMenuViewController.swift in Sources */,
				FE615F3F1F31BBE600B6C3E0 /* TurkishLeagueTeamsTableViewController.swift in Sources */,
				FEC2D2891F2B5400006BB8AC /* TurkishAirLinesGamesDataService.swift in Sources */,
				FE93A6D91F30BAAF00E9A83E /* TurkishLeagueGamesRouter.swift in Sources */,
				FE5264941F34951C00E62A58 /* EuroLeagueNavigationController.swift in Sources */,
				FE615F3D1F31BA2A00B6C3E0 /* TeamsTableViewCell.swift in Sources */,
				FEB17D9D1F4435A80044B0A6 /* SwiftExtentions.swift in Sources */,
				FEC2D2821F2B53F7006BB8AC /* TurkishLeagueGamesPagerViewController.swift in Sources */,
				FEC2D2801F2B53F7006BB8AC /* TurkishLeagueGameDetailViewController.swift in Sources */,
				FE8C60A91F22126700D4EF83 /* RealmDBManager.swift in Sources */,
				FE33248F1F45C30D00DB345E /* BoxScoreQuarterCollectionViewCell.swift in Sources */,
				FE3324911F45C32800DB345E /* BoxScoreMVPTableViewCell.swift in Sources */,
				FE6FB0511F433592006C7D44 /* TeamStatisticTableRowsModel.swift in Sources */,
				FE615F451F31EE7400B6C3E0 /* TurkishLeagueTeamDataViewController.swift in Sources */,
				FEB5761E1F446359005D1E23 /* RootViewController.swift in Sources */,
				FE33248B1F45B18B00DB345E /* BoxScoreViewModel.swift in Sources */,
				FE5C21691F2F2F6900522D65 /* Team.swift in Sources */,
				FEC2D28C1F2B540E006BB8AC /* Game.swift in Sources */,
				FE615F431F31D4B900B6C3E0 /* TurkishLeagueTeamsViewModel.swift in Sources */,
				FE52649B1F34ACA500E62A58 /* TurkishLeaguePlayersDataService.swift in Sources */,
				FE5264921F348EBA00E62A58 /* PlayersTableViewCell.swift in Sources */,
				FE368CB01F33453B006963C8 /* RostersTableViewController.swift in Sources */,
				FEC2D2811F2B53F7006BB8AC /* TurkishLeagueMasterTableViewController.swift in Sources */,
				FE615F411F31CA7500B6C3E0 /* Player.swift in Sources */,
				FEC2D2881F2B5400006BB8AC /* ApiClient.swift in Sources */,
				FEB576201F447054005D1E23 /* MenuTableViewCell.swift in Sources */,
				FE33248D1F45B19800DB345E /* EBSGameDetailsClubInfo.swift in Sources */,
			);
			runOnlyForDeploymentPostprocessing = 0;
		};
		A5FF78CA1F0FA74F00F6E9A2 /* Sources */ = {
			isa = PBXSourcesBuildPhase;
			buildActionMask = 2147483647;
			files = (
				A5FF78D31F0FA74F00F6E9A2 /* Euroleague_GraduateTests.swift in Sources */,
				FE540CD01F20BB9F000A75A0 /* ApiResponseTest.swift in Sources */,
				FE528DCD1F289AC700597D0A /* DataRetrivalTest.swift in Sources */,
			);
			runOnlyForDeploymentPostprocessing = 0;
		};
		A5FF78D51F0FA74F00F6E9A2 /* Sources */ = {
			isa = PBXSourcesBuildPhase;
			buildActionMask = 2147483647;
			files = (
				A5FF78DE1F0FA74F00F6E9A2 /* Euroleague_GraduateUITests.swift in Sources */,
			);
			runOnlyForDeploymentPostprocessing = 0;
		};
/* End PBXSourcesBuildPhase section */

/* Begin PBXTargetDependency section */
		A5FF78D01F0FA74F00F6E9A2 /* PBXTargetDependency */ = {
			isa = PBXTargetDependency;
			target = A5FF78B91F0FA74E00F6E9A2 /* Euroleague-Graduate */;
			targetProxy = A5FF78CF1F0FA74F00F6E9A2 /* PBXContainerItemProxy */;
		};
		A5FF78DB1F0FA74F00F6E9A2 /* PBXTargetDependency */ = {
			isa = PBXTargetDependency;
			target = A5FF78B91F0FA74E00F6E9A2 /* Euroleague-Graduate */;
			targetProxy = A5FF78DA1F0FA74F00F6E9A2 /* PBXContainerItemProxy */;
		};
/* End PBXTargetDependency section */

/* Begin PBXVariantGroup section */
		A5FF78C11F0FA74E00F6E9A2 /* Main.storyboard */ = {
			isa = PBXVariantGroup;
			children = (
				A5FF78C21F0FA74E00F6E9A2 /* Base */,
			);
			name = Main.storyboard;
			sourceTree = "<group>";
		};
		A5FF78C61F0FA74E00F6E9A2 /* LaunchScreen.storyboard */ = {
			isa = PBXVariantGroup;
			children = (
				A5FF78C71F0FA74E00F6E9A2 /* Base */,
			);
			name = LaunchScreen.storyboard;
			sourceTree = "<group>";
		};
/* End PBXVariantGroup section */

/* Begin XCBuildConfiguration section */
		A5FF78E01F0FA74F00F6E9A2 /* Debug */ = {
			isa = XCBuildConfiguration;
			buildSettings = {
				ALWAYS_SEARCH_USER_PATHS = NO;
				CLANG_ANALYZER_NONNULL = YES;
				CLANG_CXX_LANGUAGE_STANDARD = "gnu++0x";
				CLANG_CXX_LIBRARY = "libc++";
				CLANG_ENABLE_MODULES = YES;
				CLANG_ENABLE_OBJC_ARC = YES;
				CLANG_WARN_BOOL_CONVERSION = YES;
				CLANG_WARN_CONSTANT_CONVERSION = YES;
				CLANG_WARN_DIRECT_OBJC_ISA_USAGE = YES_ERROR;
				CLANG_WARN_DOCUMENTATION_COMMENTS = YES;
				CLANG_WARN_EMPTY_BODY = YES;
				CLANG_WARN_ENUM_CONVERSION = YES;
				CLANG_WARN_INFINITE_RECURSION = YES;
				CLANG_WARN_INT_CONVERSION = YES;
				CLANG_WARN_OBJC_ROOT_CLASS = YES_ERROR;
				CLANG_WARN_SUSPICIOUS_MOVE = YES;
				CLANG_WARN_UNREACHABLE_CODE = YES;
				CLANG_WARN__DUPLICATE_METHOD_MATCH = YES;
				"CODE_SIGN_IDENTITY[sdk=iphoneos*]" = "iPhone Developer";
				COPY_PHASE_STRIP = NO;
				DEBUG_INFORMATION_FORMAT = dwarf;
				ENABLE_STRICT_OBJC_MSGSEND = YES;
				ENABLE_TESTABILITY = YES;
				GCC_C_LANGUAGE_STANDARD = gnu99;
				GCC_DYNAMIC_NO_PIC = NO;
				GCC_NO_COMMON_BLOCKS = YES;
				GCC_OPTIMIZATION_LEVEL = 0;
				GCC_PREPROCESSOR_DEFINITIONS = (
					"DEBUG=1",
					"$(inherited)",
				);
				GCC_WARN_64_TO_32_BIT_CONVERSION = YES;
				GCC_WARN_ABOUT_RETURN_TYPE = YES_ERROR;
				GCC_WARN_UNDECLARED_SELECTOR = YES;
				GCC_WARN_UNINITIALIZED_AUTOS = YES_AGGRESSIVE;
				GCC_WARN_UNUSED_FUNCTION = YES;
				GCC_WARN_UNUSED_VARIABLE = YES;
				IPHONEOS_DEPLOYMENT_TARGET = 10.2;
				MTL_ENABLE_DEBUG_INFO = YES;
				ONLY_ACTIVE_ARCH = YES;
				SDKROOT = iphoneos;
				SWIFT_ACTIVE_COMPILATION_CONDITIONS = DEBUG;
				SWIFT_OPTIMIZATION_LEVEL = "-Onone";
			};
			name = Debug;
		};
		A5FF78E11F0FA74F00F6E9A2 /* Release */ = {
			isa = XCBuildConfiguration;
			buildSettings = {
				ALWAYS_SEARCH_USER_PATHS = NO;
				CLANG_ANALYZER_NONNULL = YES;
				CLANG_CXX_LANGUAGE_STANDARD = "gnu++0x";
				CLANG_CXX_LIBRARY = "libc++";
				CLANG_ENABLE_MODULES = YES;
				CLANG_ENABLE_OBJC_ARC = YES;
				CLANG_WARN_BOOL_CONVERSION = YES;
				CLANG_WARN_CONSTANT_CONVERSION = YES;
				CLANG_WARN_DIRECT_OBJC_ISA_USAGE = YES_ERROR;
				CLANG_WARN_DOCUMENTATION_COMMENTS = YES;
				CLANG_WARN_EMPTY_BODY = YES;
				CLANG_WARN_ENUM_CONVERSION = YES;
				CLANG_WARN_INFINITE_RECURSION = YES;
				CLANG_WARN_INT_CONVERSION = YES;
				CLANG_WARN_OBJC_ROOT_CLASS = YES_ERROR;
				CLANG_WARN_SUSPICIOUS_MOVE = YES;
				CLANG_WARN_UNREACHABLE_CODE = YES;
				CLANG_WARN__DUPLICATE_METHOD_MATCH = YES;
				"CODE_SIGN_IDENTITY[sdk=iphoneos*]" = "iPhone Developer";
				COPY_PHASE_STRIP = NO;
				DEBUG_INFORMATION_FORMAT = "dwarf-with-dsym";
				ENABLE_NS_ASSERTIONS = NO;
				ENABLE_STRICT_OBJC_MSGSEND = YES;
				GCC_C_LANGUAGE_STANDARD = gnu99;
				GCC_NO_COMMON_BLOCKS = YES;
				GCC_WARN_64_TO_32_BIT_CONVERSION = YES;
				GCC_WARN_ABOUT_RETURN_TYPE = YES_ERROR;
				GCC_WARN_UNDECLARED_SELECTOR = YES;
				GCC_WARN_UNINITIALIZED_AUTOS = YES_AGGRESSIVE;
				GCC_WARN_UNUSED_FUNCTION = YES;
				GCC_WARN_UNUSED_VARIABLE = YES;
				IPHONEOS_DEPLOYMENT_TARGET = 10.2;
				MTL_ENABLE_DEBUG_INFO = NO;
				SDKROOT = iphoneos;
				SWIFT_OPTIMIZATION_LEVEL = "-Owholemodule";
				VALIDATE_PRODUCT = YES;
			};
			name = Release;
		};
		A5FF78E31F0FA74F00F6E9A2 /* Debug */ = {
			isa = XCBuildConfiguration;
			baseConfigurationReference = 84DD3988E1A3253923452F18 /* Pods-Euroleague-Graduate.debug.xcconfig */;
			buildSettings = {
				ASSETCATALOG_COMPILER_APPICON_NAME = AppIcon;
				DEVELOPMENT_TEAM = XP9UK5V4RA;
				INFOPLIST_FILE = "Euroleague-Graduate/Info.plist";
				LD_RUNPATH_SEARCH_PATHS = "$(inherited) @executable_path/Frameworks";
				PRODUCT_BUNDLE_IDENTIFIER = "com.Modeso.Euroleague-Graduate";
				PRODUCT_NAME = "$(TARGET_NAME)";
				SWIFT_VERSION = 3.0;
				TARGETED_DEVICE_FAMILY = "1,2";
			};
			name = Debug;
		};
		A5FF78E41F0FA74F00F6E9A2 /* Release */ = {
			isa = XCBuildConfiguration;
			baseConfigurationReference = F5B4642116FFE1367BFA93F5 /* Pods-Euroleague-Graduate.release.xcconfig */;
			buildSettings = {
				ASSETCATALOG_COMPILER_APPICON_NAME = AppIcon;
				DEVELOPMENT_TEAM = XP9UK5V4RA;
				INFOPLIST_FILE = "Euroleague-Graduate/Info.plist";
				LD_RUNPATH_SEARCH_PATHS = "$(inherited) @executable_path/Frameworks";
				PRODUCT_BUNDLE_IDENTIFIER = "com.Modeso.Euroleague-Graduate";
				PRODUCT_NAME = "$(TARGET_NAME)";
				SWIFT_VERSION = 3.0;
				TARGETED_DEVICE_FAMILY = "1,2";
			};
			name = Release;
		};
		A5FF78E61F0FA74F00F6E9A2 /* Debug */ = {
			isa = XCBuildConfiguration;
			baseConfigurationReference = B37D69230445B1A7B7CFD2B6 /* Pods-Euroleague-GraduateTests.debug.xcconfig */;
			buildSettings = {
				ALWAYS_EMBED_SWIFT_STANDARD_LIBRARIES = YES;
				BUNDLE_LOADER = "$(TEST_HOST)";
				DEVELOPMENT_TEAM = XP9UK5V4RA;
				INFOPLIST_FILE = "Euroleague-GraduateTests/Info.plist";
				LD_RUNPATH_SEARCH_PATHS = "$(inherited) @executable_path/Frameworks @loader_path/Frameworks";
				PRODUCT_BUNDLE_IDENTIFIER = "com.Modeso.Euroleague-GraduateTests";
				PRODUCT_NAME = "$(TARGET_NAME)";
				SWIFT_VERSION = 3.0;
				TEST_HOST = "$(BUILT_PRODUCTS_DIR)/Euroleague-Graduate.app/Euroleague-Graduate";
			};
			name = Debug;
		};
		A5FF78E71F0FA74F00F6E9A2 /* Release */ = {
			isa = XCBuildConfiguration;
			baseConfigurationReference = 01ADB76913D80F4F437C791F /* Pods-Euroleague-GraduateTests.release.xcconfig */;
			buildSettings = {
				ALWAYS_EMBED_SWIFT_STANDARD_LIBRARIES = YES;
				BUNDLE_LOADER = "$(TEST_HOST)";
				DEVELOPMENT_TEAM = XP9UK5V4RA;
				INFOPLIST_FILE = "Euroleague-GraduateTests/Info.plist";
				LD_RUNPATH_SEARCH_PATHS = "$(inherited) @executable_path/Frameworks @loader_path/Frameworks";
				PRODUCT_BUNDLE_IDENTIFIER = "com.Modeso.Euroleague-GraduateTests";
				PRODUCT_NAME = "$(TARGET_NAME)";
				SWIFT_VERSION = 3.0;
				TEST_HOST = "$(BUILT_PRODUCTS_DIR)/Euroleague-Graduate.app/Euroleague-Graduate";
			};
			name = Release;
		};
		A5FF78E91F0FA74F00F6E9A2 /* Debug */ = {
			isa = XCBuildConfiguration;
			buildSettings = {
				ALWAYS_EMBED_SWIFT_STANDARD_LIBRARIES = YES;
				DEVELOPMENT_TEAM = XP9UK5V4RA;
				INFOPLIST_FILE = "Euroleague-GraduateUITests/Info.plist";
				LD_RUNPATH_SEARCH_PATHS = "$(inherited) @executable_path/Frameworks @loader_path/Frameworks";
				PRODUCT_BUNDLE_IDENTIFIER = "com.Modeso.Euroleague-GraduateUITests";
				PRODUCT_NAME = "$(TARGET_NAME)";
				SWIFT_VERSION = 3.0;
				TEST_TARGET_NAME = "Euroleague-Graduate";
			};
			name = Debug;
		};
		A5FF78EA1F0FA74F00F6E9A2 /* Release */ = {
			isa = XCBuildConfiguration;
			buildSettings = {
				ALWAYS_EMBED_SWIFT_STANDARD_LIBRARIES = YES;
				DEVELOPMENT_TEAM = XP9UK5V4RA;
				INFOPLIST_FILE = "Euroleague-GraduateUITests/Info.plist";
				LD_RUNPATH_SEARCH_PATHS = "$(inherited) @executable_path/Frameworks @loader_path/Frameworks";
				PRODUCT_BUNDLE_IDENTIFIER = "com.Modeso.Euroleague-GraduateUITests";
				PRODUCT_NAME = "$(TARGET_NAME)";
				SWIFT_VERSION = 3.0;
				TEST_TARGET_NAME = "Euroleague-Graduate";
			};
			name = Release;
		};
/* End XCBuildConfiguration section */

/* Begin XCConfigurationList section */
		A5FF78B51F0FA74E00F6E9A2 /* Build configuration list for PBXProject "Euroleague-Graduate" */ = {
			isa = XCConfigurationList;
			buildConfigurations = (
				A5FF78E01F0FA74F00F6E9A2 /* Debug */,
				A5FF78E11F0FA74F00F6E9A2 /* Release */,
			);
			defaultConfigurationIsVisible = 0;
			defaultConfigurationName = Release;
		};
		A5FF78E21F0FA74F00F6E9A2 /* Build configuration list for PBXNativeTarget "Euroleague-Graduate" */ = {
			isa = XCConfigurationList;
			buildConfigurations = (
				A5FF78E31F0FA74F00F6E9A2 /* Debug */,
				A5FF78E41F0FA74F00F6E9A2 /* Release */,
			);
			defaultConfigurationIsVisible = 0;
			defaultConfigurationName = Release;
		};
		A5FF78E51F0FA74F00F6E9A2 /* Build configuration list for PBXNativeTarget "Euroleague-GraduateTests" */ = {
			isa = XCConfigurationList;
			buildConfigurations = (
				A5FF78E61F0FA74F00F6E9A2 /* Debug */,
				A5FF78E71F0FA74F00F6E9A2 /* Release */,
			);
			defaultConfigurationIsVisible = 0;
			defaultConfigurationName = Release;
		};
		A5FF78E81F0FA74F00F6E9A2 /* Build configuration list for PBXNativeTarget "Euroleague-GraduateUITests" */ = {
			isa = XCConfigurationList;
			buildConfigurations = (
				A5FF78E91F0FA74F00F6E9A2 /* Debug */,
				A5FF78EA1F0FA74F00F6E9A2 /* Release */,
			);
			defaultConfigurationIsVisible = 0;
			defaultConfigurationName = Release;
		};
/* End XCConfigurationList section */
	};
	rootObject = A5FF78B21F0FA74E00F6E9A2 /* Project object */;
}
